
Microsoft Visual Studio Solution File, Format Version 12.00
# Visual Studio Version 17
VisualStudioVersion = 17.7.34018.315
MinimumVisualStudioVersion = 10.0.40219.1
Project("{2150E333-8FDC-42A3-9474-1A3956D46DE8}") = "10_-Thread Sync Techniques", "10_-Thread Sync Techniques", "{A2A1371F-3E4F-4691-948B-83D61E3964BC}"
EndProject
Project("{2150E333-8FDC-42A3-9474-1A3956D46DE8}") = "01-Basic Syntax", "01-Basic Syntax", "{2BFE3D0D-0479-4CFB-82F7-315818DA73F8}"
EndProject
Project("{2150E333-8FDC-42A3-9474-1A3956D46DE8}") = "04-Why threading. Divide and Conquer", "04-Why threading. Divide and Conquer", "{407498EC-3EC4-43A0-A3F0-FCFAD73375AF}"
EndProject
Project("{2150E333-8FDC-42A3-9474-1A3956D46DE8}") = "08-Thread Sync Overview", "08-Thread Sync Overview", "{89216427-7B7C-48C8-B857-6654B84C5889}"
EndProject
Project("{2150E333-8FDC-42A3-9474-1A3956D46DE8}") = "11-Airplane seats booking Question", "11-Airplane seats booking Question", "{6B0BA0E1-8B0D-4E95-B508-511CCC41925F}"
EndProject
Project("{2150E333-8FDC-42A3-9474-1A3956D46DE8}") = "06-Web Server Simulation Question", "06-Web Server Simulation Question", "{ED97B191-B629-4757-A810-952A7A6FF6CF}"
EndProject
Project("{2150E333-8FDC-42A3-9474-1A3956D46DE8}") = "05-Why threading. Offload Long Running Tasks", "05-Why threading. Offload Long Running Tasks", "{6D36D716-256D-46EF-BCF6-6F1E89452DA3}"
EndProject
Project("{2150E333-8FDC-42A3-9474-1A3956D46DE8}") = "1-Exclusive Lock", "1-Exclusive Lock", "{924FA83F-074F-4148-89A3-732B660C1DC5}"
EndProject
Project("{2150E333-8FDC-42A3-9474-1A3956D46DE8}") = "2-Monitor", "2-Monitor", "{A9AED39D-E5F7-40C0-A791-357EA4BD4226}"
EndProject
Project("{9A19103F-16F7-4668-BE54-9A1E7A4F7556}") = "BasicSyntax", "01-Basic Syntax\BasicSyntax.csproj", "{995F16F6-FB00-452C-94FE-E8A1119DF619}"
EndProject
Project("{9A19103F-16F7-4668-BE54-9A1E7A4F7556}") = "DivideConquer", "04-Why threading. Divide and Conquer\DivideConquer.csproj", "{FEAEA33A-3E73-4640-97BB-AC02B8D1641E}"
EndProject
Project("{9A19103F-16F7-4668-BE54-9A1E7A4F7556}") = "OffloadLongRunningTasks", "05-Why threading. Offload Long Running Tasks\OffloadLongRunningTasks.csproj", "{6878C6EA-27F4-41E3-A430-8AF40FBB05EB}"
EndProject
Project("{9A19103F-16F7-4668-BE54-9A1E7A4F7556}") = "WebServerSimulationQuestion", "06-Web Server Simulation Question\WebServerSimulationQuestion.csproj", "{79BA70D7-4BA7-4570-91F1-C37EA306733C}"
EndProject
Project("{9A19103F-16F7-4668-BE54-9A1E7A4F7556}") = "SynchronizationOverview", "08-Thread Sync Overview\SynchronizationOverview.csproj", "{78BD7FB5-5CF8-4CEA-AEB7-CBF3BE155EDD}"
EndProject
Project("{9A19103F-16F7-4668-BE54-9A1E7A4F7556}") = "AirplaneSeatBookingQuestion", "11-Airplane seats booking Question\AirplaneSeatBookingQuestion.csproj", "{5BB9E421-7420-46BD-B92F-81911199D34D}"
EndProject
Project("{9A19103F-16F7-4668-BE54-9A1E7A4F7556}") = "ExclusiveLock", "10_-Thread Sync Techniques\1-Exclusive Lock\ExclusiveLock\ExclusiveLock.csproj", "{21724ECD-B857-40C4-B293-71C25F23B2DF}"
EndProject
Project("{9A19103F-16F7-4668-BE54-9A1E7A4F7556}") = "Monitor", "10_-Thread Sync Techniques\2-Monitor\Monitor\Monitor.csproj", "{3925944C-B9EF-4F50-9FBA-D4C5AF419E86}"
EndProject
Project("{9A19103F-16F7-4668-BE54-9A1E7A4F7556}") = "Monitor_2", "10_-Thread Sync Techniques\2-Monitor\Monitor_2\Monitor_2.csproj", "{35D1E689-36C7-4897-851B-04244B6C09FB}"
EndProject
Project("{2150E333-8FDC-42A3-9474-1A3956D46DE8}") = "3-Mutex", "3-Mutex", "{8D028EF6-3C89-44C5-B8E6-BA810242A822}"
EndProject
Project("{9A19103F-16F7-4668-BE54-9A1E7A4F7556}") = "GlobalMutex", "10_-Thread Sync Techniques\3-Mutex\GlobalMutex\GlobalMutex.csproj", "{EB687F5B-444B-4EAE-A629-77BFFFEBA8CD}"
EndProject
Project("{9A19103F-16F7-4668-BE54-9A1E7A4F7556}") = "LocalMutex", "10_-Thread Sync Techniques\3-Mutex\LocalMutex\LocalMutex.csproj", "{23CAD735-1447-47A9-BD28-592755194162}"
EndProject
Project("{2150E333-8FDC-42A3-9474-1A3956D46DE8}") = "4-Reader and Writer Lock", "4-Reader and Writer Lock", "{735B4295-F544-4BED-A2D4-9F55AFFCC3AA}"
EndProject
Project("{9A19103F-16F7-4668-BE54-9A1E7A4F7556}") = "GlobalConfigurationCache", "10_-Thread Sync Techniques\4-Reader and Writer Lock\GlobalConfigurationCache\GlobalConfigurationCache.csproj", "{C8F42817-A29B-4986-BCC8-C78FA98B1543}"
EndProject
Project("{FAE04EC0-301F-11D3-BF4B-00C04F79EFBC}") = "DeadLockExample", "10_-Thread Sync Techniques\4-Reader and Writer Lock\DeadLockExample\DeadLockExample.csproj", "{C7B8DC41-E15D-4C2A-AA0F-EAE819DB7141}"
EndProject
Project("{FAE04EC0-301F-11D3-BF4B-00C04F79EFBC}") = "MicrosoftExample", "10_-Thread Sync Techniques\4-Reader and Writer Lock\MicrosoftExample\MicrosoftExample.csproj", "{A56F1BE8-D8BC-4E8F-9F2D-751AA4BE1D01}"
EndProject
Project("{2150E333-8FDC-42A3-9474-1A3956D46DE8}") = "16_-Thread Coordination Teachniques", "16_-Thread Coordination Teachniques", "{5AFA95FE-9035-46A2-ADEB-F152804221A4}"
EndProject
Project("{2150E333-8FDC-42A3-9474-1A3956D46DE8}") = "1-Semaphore", "1-Semaphore", "{722974A6-F1EC-4020-B0D7-162EC2A33495}"
EndProject
Project("{2150E333-8FDC-42A3-9474-1A3956D46DE8}") = "2-Signaling with AutoResetEvent", "2-Signaling with AutoResetEvent", "{D96600EF-B563-4E27-B98E-706F7BFBCD67}"
EndProject
Project("{2150E333-8FDC-42A3-9474-1A3956D46DE8}") = "3-Signaling with ManualResetEvent", "3-Signaling with ManualResetEvent", "{F6DEE2BB-A920-4DD0-9EF5-E3CF1DFC2DCC}"
EndProject
Project("{FAE04EC0-301F-11D3-BF4B-00C04F79EFBC}") = "Semaphore", "16_-Thread Coordination Teachniques\1-Semaphore\Semaphore\Semaphore.csproj", "{4FBCC98B-46B6-490A-8953-A2BB5539D85A}"
EndProject
Project("{FAE04EC0-301F-11D3-BF4B-00C04F79EFBC}") = "SignalingAutoResetEvent", "16_-Thread Coordination Teachniques\2-Signaling with AutoResetEvent\SignalingAutoResetEvent\SignalingAutoResetEvent.csproj", "{445F1C34-DBD2-40F0-8EF3-D8CBB7ECC04A}"
EndProject
Project("{FAE04EC0-301F-11D3-BF4B-00C04F79EFBC}") = "SignalingAutoResetEventWithMultiWorkerThreads", "16_-Thread Coordination Teachniques\2-Signaling with AutoResetEvent\SignalingAutoResetEventWithMultiWorkerThreads\SignalingAutoResetEventWithMultiWorkerThreads.csproj", "{FA1E518E-CFC7-4C69-B8AC-084A3283B175}"
EndProject
Project("{FAE04EC0-301F-11D3-BF4B-00C04F79EFBC}") = "ManualResetEventSwitch", "16_-Thread Coordination Teachniques\3-Signaling with ManualResetEvent\ManualResetEventSwitch\ManualResetEventSwitch.csproj", "{F19B092E-6B7F-4DC4-BBEE-BD2C8E3EF7D8}"
EndProject
Project("{FAE04EC0-301F-11D3-BF4B-00C04F79EFBC}") = "SignalingManualResetEvent", "16_-Thread Coordination Teachniques\3-Signaling with ManualResetEvent\SignalingManualResetEvent\SignalingManualResetEvent.csproj", "{6BDD54C3-F258-4947-AB05-887180D3BA3E}"
EndProject
Project("{FAE04EC0-301F-11D3-BF4B-00C04F79EFBC}") = "SemaphoreMicrosoftExample", "16_-Thread Coordination Teachniques\1-Semaphore\SemaphoreMicrosoftExample\SemaphoreMicrosoftExample.csproj", "{A8E06E64-0D49-4122-9DC1-6BC832F1C147}"
EndProject
Project("{FAE04EC0-301F-11D3-BF4B-00C04F79EFBC}") = "AutoResetEventMicrosoftExample", "16_-Thread Coordination Teachniques\2-Signaling with AutoResetEvent\AutoResetEventMicrosoftExample\AutoResetEventMicrosoftExample.csproj", "{4CDFF11C-308D-42B0-B1BE-A59630298E3D}"
EndProject
Project("{FAE04EC0-301F-11D3-BF4B-00C04F79EFBC}") = "ManualResetEventMicrosoftExample", "16_-Thread Coordination Teachniques\3-Signaling with ManualResetEvent\ManualResetEventMicrosoftExample\ManualResetEventMicrosoftExample.csproj", "{D308D944-190B-4D23-B4A5-5BF666609571}"
EndProject
Project("{2150E333-8FDC-42A3-9474-1A3956D46DE8}") = "4-Signaling with ManualResetEventSlim", "4-Signaling with ManualResetEventSlim", "{8F0B5B5D-23B7-45EB-AA13-478A9BF1D53E}"
EndProject
Project("{FAE04EC0-301F-11D3-BF4B-00C04F79EFBC}") = "ManualResetEventSlimMicrosoftExample", "16_-Thread Coordination Teachniques\4-Signaling with ManualResetEventSlim\ManualResetEventSlimMicrosoftExample\ManualResetEventSlimMicrosoftExample.csproj", "{AF05D91B-BD55-47F9-A93C-1389AC56710E}"
EndProject
Project("{2150E333-8FDC-42A3-9474-1A3956D46DE8}") = "5-Signaling with EventWaitHandle", "5-Signaling with EventWaitHandle", "{AAF90C57-BD5B-47B1-AF4B-EA5504ECAE4A}"
EndProject
Project("{FAE04EC0-301F-11D3-BF4B-00C04F79EFBC}") = "EventWaitHandleMicrosoftExample", "16_-Thread Coordination Teachniques\5-Signaling with EventWaitHandle\EventWaitHandleMicrosoftExample\EventWaitHandleMicrosoftExample.csproj", "{917854A9-6F95-473C-BEB5-D8408A963D46}"
EndProject
Global
	GlobalSection(SolutionConfigurationPlatforms) = preSolution
		Debug|Any CPU = Debug|Any CPU
		Release|Any CPU = Release|Any CPU
	EndGlobalSection
	GlobalSection(ProjectConfigurationPlatforms) = postSolution
		{995F16F6-FB00-452C-94FE-E8A1119DF619}.Debug|Any CPU.ActiveCfg = Debug|Any CPU
		{995F16F6-FB00-452C-94FE-E8A1119DF619}.Debug|Any CPU.Build.0 = Debug|Any CPU
		{995F16F6-FB00-452C-94FE-E8A1119DF619}.Release|Any CPU.ActiveCfg = Release|Any CPU
		{995F16F6-FB00-452C-94FE-E8A1119DF619}.Release|Any CPU.Build.0 = Release|Any CPU
		{FEAEA33A-3E73-4640-97BB-AC02B8D1641E}.Debug|Any CPU.ActiveCfg = Debug|Any CPU
		{FEAEA33A-3E73-4640-97BB-AC02B8D1641E}.Debug|Any CPU.Build.0 = Debug|Any CPU
		{FEAEA33A-3E73-4640-97BB-AC02B8D1641E}.Release|Any CPU.ActiveCfg = Release|Any CPU
		{FEAEA33A-3E73-4640-97BB-AC02B8D1641E}.Release|Any CPU.Build.0 = Release|Any CPU
		{6878C6EA-27F4-41E3-A430-8AF40FBB05EB}.Debug|Any CPU.ActiveCfg = Debug|Any CPU
		{6878C6EA-27F4-41E3-A430-8AF40FBB05EB}.Debug|Any CPU.Build.0 = Debug|Any CPU
		{6878C6EA-27F4-41E3-A430-8AF40FBB05EB}.Release|Any CPU.ActiveCfg = Release|Any CPU
		{6878C6EA-27F4-41E3-A430-8AF40FBB05EB}.Release|Any CPU.Build.0 = Release|Any CPU
		{79BA70D7-4BA7-4570-91F1-C37EA306733C}.Debug|Any CPU.ActiveCfg = Debug|Any CPU
		{79BA70D7-4BA7-4570-91F1-C37EA306733C}.Debug|Any CPU.Build.0 = Debug|Any CPU
		{79BA70D7-4BA7-4570-91F1-C37EA306733C}.Release|Any CPU.ActiveCfg = Release|Any CPU
		{79BA70D7-4BA7-4570-91F1-C37EA306733C}.Release|Any CPU.Build.0 = Release|Any CPU
		{78BD7FB5-5CF8-4CEA-AEB7-CBF3BE155EDD}.Debug|Any CPU.ActiveCfg = Debug|Any CPU
		{78BD7FB5-5CF8-4CEA-AEB7-CBF3BE155EDD}.Debug|Any CPU.Build.0 = Debug|Any CPU
		{78BD7FB5-5CF8-4CEA-AEB7-CBF3BE155EDD}.Release|Any CPU.ActiveCfg = Release|Any CPU
		{78BD7FB5-5CF8-4CEA-AEB7-CBF3BE155EDD}.Release|Any CPU.Build.0 = Release|Any CPU
		{5BB9E421-7420-46BD-B92F-81911199D34D}.Debug|Any CPU.ActiveCfg = Debug|Any CPU
		{5BB9E421-7420-46BD-B92F-81911199D34D}.Debug|Any CPU.Build.0 = Debug|Any CPU
		{5BB9E421-7420-46BD-B92F-81911199D34D}.Release|Any CPU.ActiveCfg = Release|Any CPU
		{5BB9E421-7420-46BD-B92F-81911199D34D}.Release|Any CPU.Build.0 = Release|Any CPU
		{21724ECD-B857-40C4-B293-71C25F23B2DF}.Debug|Any CPU.ActiveCfg = Debug|Any CPU
		{21724ECD-B857-40C4-B293-71C25F23B2DF}.Debug|Any CPU.Build.0 = Debug|Any CPU
		{21724ECD-B857-40C4-B293-71C25F23B2DF}.Release|Any CPU.ActiveCfg = Release|Any CPU
		{21724ECD-B857-40C4-B293-71C25F23B2DF}.Release|Any CPU.Build.0 = Release|Any CPU
		{3925944C-B9EF-4F50-9FBA-D4C5AF419E86}.Debug|Any CPU.ActiveCfg = Debug|Any CPU
		{3925944C-B9EF-4F50-9FBA-D4C5AF419E86}.Debug|Any CPU.Build.0 = Debug|Any CPU
		{3925944C-B9EF-4F50-9FBA-D4C5AF419E86}.Release|Any CPU.ActiveCfg = Release|Any CPU
		{3925944C-B9EF-4F50-9FBA-D4C5AF419E86}.Release|Any CPU.Build.0 = Release|Any CPU
		{35D1E689-36C7-4897-851B-04244B6C09FB}.Debug|Any CPU.ActiveCfg = Debug|Any CPU
		{35D1E689-36C7-4897-851B-04244B6C09FB}.Debug|Any CPU.Build.0 = Debug|Any CPU
		{35D1E689-36C7-4897-851B-04244B6C09FB}.Release|Any CPU.ActiveCfg = Release|Any CPU
		{35D1E689-36C7-4897-851B-04244B6C09FB}.Release|Any CPU.Build.0 = Release|Any CPU
		{EB687F5B-444B-4EAE-A629-77BFFFEBA8CD}.Debug|Any CPU.ActiveCfg = Debug|Any CPU
		{EB687F5B-444B-4EAE-A629-77BFFFEBA8CD}.Debug|Any CPU.Build.0 = Debug|Any CPU
		{EB687F5B-444B-4EAE-A629-77BFFFEBA8CD}.Release|Any CPU.ActiveCfg = Release|Any CPU
		{EB687F5B-444B-4EAE-A629-77BFFFEBA8CD}.Release|Any CPU.Build.0 = Release|Any CPU
		{23CAD735-1447-47A9-BD28-592755194162}.Debug|Any CPU.ActiveCfg = Debug|Any CPU
		{23CAD735-1447-47A9-BD28-592755194162}.Debug|Any CPU.Build.0 = Debug|Any CPU
		{23CAD735-1447-47A9-BD28-592755194162}.Release|Any CPU.ActiveCfg = Release|Any CPU
		{23CAD735-1447-47A9-BD28-592755194162}.Release|Any CPU.Build.0 = Release|Any CPU
		{C8F42817-A29B-4986-BCC8-C78FA98B1543}.Debug|Any CPU.ActiveCfg = Debug|Any CPU
		{C8F42817-A29B-4986-BCC8-C78FA98B1543}.Debug|Any CPU.Build.0 = Debug|Any CPU
		{C8F42817-A29B-4986-BCC8-C78FA98B1543}.Release|Any CPU.ActiveCfg = Release|Any CPU
		{C8F42817-A29B-4986-BCC8-C78FA98B1543}.Release|Any CPU.Build.0 = Release|Any CPU
		{C7B8DC41-E15D-4C2A-AA0F-EAE819DB7141}.Debug|Any CPU.ActiveCfg = Debug|Any CPU
		{C7B8DC41-E15D-4C2A-AA0F-EAE819DB7141}.Debug|Any CPU.Build.0 = Debug|Any CPU
		{C7B8DC41-E15D-4C2A-AA0F-EAE819DB7141}.Release|Any CPU.ActiveCfg = Release|Any CPU
		{C7B8DC41-E15D-4C2A-AA0F-EAE819DB7141}.Release|Any CPU.Build.0 = Release|Any CPU
		{A56F1BE8-D8BC-4E8F-9F2D-751AA4BE1D01}.Debug|Any CPU.ActiveCfg = Debug|Any CPU
		{A56F1BE8-D8BC-4E8F-9F2D-751AA4BE1D01}.Debug|Any CPU.Build.0 = Debug|Any CPU
		{A56F1BE8-D8BC-4E8F-9F2D-751AA4BE1D01}.Release|Any CPU.ActiveCfg = Release|Any CPU
		{A56F1BE8-D8BC-4E8F-9F2D-751AA4BE1D01}.Release|Any CPU.Build.0 = Release|Any CPU
		{4FBCC98B-46B6-490A-8953-A2BB5539D85A}.Debug|Any CPU.ActiveCfg = Debug|Any CPU
		{4FBCC98B-46B6-490A-8953-A2BB5539D85A}.Debug|Any CPU.Build.0 = Debug|Any CPU
		{4FBCC98B-46B6-490A-8953-A2BB5539D85A}.Release|Any CPU.ActiveCfg = Release|Any CPU
		{4FBCC98B-46B6-490A-8953-A2BB5539D85A}.Release|Any CPU.Build.0 = Release|Any CPU
		{445F1C34-DBD2-40F0-8EF3-D8CBB7ECC04A}.Debug|Any CPU.ActiveCfg = Debug|Any CPU
		{445F1C34-DBD2-40F0-8EF3-D8CBB7ECC04A}.Debug|Any CPU.Build.0 = Debug|Any CPU
		{445F1C34-DBD2-40F0-8EF3-D8CBB7ECC04A}.Release|Any CPU.ActiveCfg = Release|Any CPU
		{445F1C34-DBD2-40F0-8EF3-D8CBB7ECC04A}.Release|Any CPU.Build.0 = Release|Any CPU
		{FA1E518E-CFC7-4C69-B8AC-084A3283B175}.Debug|Any CPU.ActiveCfg = Debug|Any CPU
		{FA1E518E-CFC7-4C69-B8AC-084A3283B175}.Debug|Any CPU.Build.0 = Debug|Any CPU
		{FA1E518E-CFC7-4C69-B8AC-084A3283B175}.Release|Any CPU.ActiveCfg = Release|Any CPU
		{FA1E518E-CFC7-4C69-B8AC-084A3283B175}.Release|Any CPU.Build.0 = Release|Any CPU
		{F19B092E-6B7F-4DC4-BBEE-BD2C8E3EF7D8}.Debug|Any CPU.ActiveCfg = Debug|Any CPU
		{F19B092E-6B7F-4DC4-BBEE-BD2C8E3EF7D8}.Debug|Any CPU.Build.0 = Debug|Any CPU
		{F19B092E-6B7F-4DC4-BBEE-BD2C8E3EF7D8}.Release|Any CPU.ActiveCfg = Release|Any CPU
		{F19B092E-6B7F-4DC4-BBEE-BD2C8E3EF7D8}.Release|Any CPU.Build.0 = Release|Any CPU
		{6BDD54C3-F258-4947-AB05-887180D3BA3E}.Debug|Any CPU.ActiveCfg = Debug|Any CPU
		{6BDD54C3-F258-4947-AB05-887180D3BA3E}.Debug|Any CPU.Build.0 = Debug|Any CPU
		{6BDD54C3-F258-4947-AB05-887180D3BA3E}.Release|Any CPU.ActiveCfg = Release|Any CPU
		{6BDD54C3-F258-4947-AB05-887180D3BA3E}.Release|Any CPU.Build.0 = Release|Any CPU
		{A8E06E64-0D49-4122-9DC1-6BC832F1C147}.Debug|Any CPU.ActiveCfg = Debug|Any CPU
		{A8E06E64-0D49-4122-9DC1-6BC832F1C147}.Debug|Any CPU.Build.0 = Debug|Any CPU
		{A8E06E64-0D49-4122-9DC1-6BC832F1C147}.Release|Any CPU.ActiveCfg = Release|Any CPU
		{A8E06E64-0D49-4122-9DC1-6BC832F1C147}.Release|Any CPU.Build.0 = Release|Any CPU
		{4CDFF11C-308D-42B0-B1BE-A59630298E3D}.Debug|Any CPU.ActiveCfg = Debug|Any CPU
		{4CDFF11C-308D-42B0-B1BE-A59630298E3D}.Debug|Any CPU.Build.0 = Debug|Any CPU
		{4CDFF11C-308D-42B0-B1BE-A59630298E3D}.Release|Any CPU.ActiveCfg = Release|Any CPU
		{4CDFF11C-308D-42B0-B1BE-A59630298E3D}.Release|Any CPU.Build.0 = Release|Any CPU
		{D308D944-190B-4D23-B4A5-5BF666609571}.Debug|Any CPU.ActiveCfg = Debug|Any CPU
		{D308D944-190B-4D23-B4A5-5BF666609571}.Debug|Any CPU.Build.0 = Debug|Any CPU
		{D308D944-190B-4D23-B4A5-5BF666609571}.Release|Any CPU.ActiveCfg = Release|Any CPU
		{D308D944-190B-4D23-B4A5-5BF666609571}.Release|Any CPU.Build.0 = Release|Any CPU
		{AF05D91B-BD55-47F9-A93C-1389AC56710E}.Debug|Any CPU.ActiveCfg = Debug|Any CPU
		{AF05D91B-BD55-47F9-A93C-1389AC56710E}.Debug|Any CPU.Build.0 = Debug|Any CPU
		{AF05D91B-BD55-47F9-A93C-1389AC56710E}.Release|Any CPU.ActiveCfg = Release|Any CPU
		{AF05D91B-BD55-47F9-A93C-1389AC56710E}.Release|Any CPU.Build.0 = Release|Any CPU
		{917854A9-6F95-473C-BEB5-D8408A963D46}.Debug|Any CPU.ActiveCfg = Debug|Any CPU
		{917854A9-6F95-473C-BEB5-D8408A963D46}.Debug|Any CPU.Build.0 = Debug|Any CPU
		{917854A9-6F95-473C-BEB5-D8408A963D46}.Release|Any CPU.ActiveCfg = Release|Any CPU
		{917854A9-6F95-473C-BEB5-D8408A963D46}.Release|Any CPU.Build.0 = Release|Any CPU
	EndGlobalSection
	GlobalSection(SolutionProperties) = preSolution
		HideSolutionNode = FALSE
	EndGlobalSection
	GlobalSection(NestedProjects) = preSolution
		{924FA83F-074F-4148-89A3-732B660C1DC5} = {A2A1371F-3E4F-4691-948B-83D61E3964BC}
		{A9AED39D-E5F7-40C0-A791-357EA4BD4226} = {A2A1371F-3E4F-4691-948B-83D61E3964BC}
		{995F16F6-FB00-452C-94FE-E8A1119DF619} = {2BFE3D0D-0479-4CFB-82F7-315818DA73F8}
		{FEAEA33A-3E73-4640-97BB-AC02B8D1641E} = {407498EC-3EC4-43A0-A3F0-FCFAD73375AF}
		{6878C6EA-27F4-41E3-A430-8AF40FBB05EB} = {6D36D716-256D-46EF-BCF6-6F1E89452DA3}
		{79BA70D7-4BA7-4570-91F1-C37EA306733C} = {ED97B191-B629-4757-A810-952A7A6FF6CF}
		{78BD7FB5-5CF8-4CEA-AEB7-CBF3BE155EDD} = {89216427-7B7C-48C8-B857-6654B84C5889}
		{5BB9E421-7420-46BD-B92F-81911199D34D} = {6B0BA0E1-8B0D-4E95-B508-511CCC41925F}
		{21724ECD-B857-40C4-B293-71C25F23B2DF} = {924FA83F-074F-4148-89A3-732B660C1DC5}
		{3925944C-B9EF-4F50-9FBA-D4C5AF419E86} = {A9AED39D-E5F7-40C0-A791-357EA4BD4226}
		{35D1E689-36C7-4897-851B-04244B6C09FB} = {A9AED39D-E5F7-40C0-A791-357EA4BD4226}
		{8D028EF6-3C89-44C5-B8E6-BA810242A822} = {A2A1371F-3E4F-4691-948B-83D61E3964BC}
		{EB687F5B-444B-4EAE-A629-77BFFFEBA8CD} = {8D028EF6-3C89-44C5-B8E6-BA810242A822}
		{23CAD735-1447-47A9-BD28-592755194162} = {8D028EF6-3C89-44C5-B8E6-BA810242A822}
		{735B4295-F544-4BED-A2D4-9F55AFFCC3AA} = {A2A1371F-3E4F-4691-948B-83D61E3964BC}
		{C8F42817-A29B-4986-BCC8-C78FA98B1543} = {735B4295-F544-4BED-A2D4-9F55AFFCC3AA}
		{C7B8DC41-E15D-4C2A-AA0F-EAE819DB7141} = {735B4295-F544-4BED-A2D4-9F55AFFCC3AA}
		{A56F1BE8-D8BC-4E8F-9F2D-751AA4BE1D01} = {735B4295-F544-4BED-A2D4-9F55AFFCC3AA}
		{722974A6-F1EC-4020-B0D7-162EC2A33495} = {5AFA95FE-9035-46A2-ADEB-F152804221A4}
		{D96600EF-B563-4E27-B98E-706F7BFBCD67} = {5AFA95FE-9035-46A2-ADEB-F152804221A4}
		{F6DEE2BB-A920-4DD0-9EF5-E3CF1DFC2DCC} = {5AFA95FE-9035-46A2-ADEB-F152804221A4}
		{4FBCC98B-46B6-490A-8953-A2BB5539D85A} = {722974A6-F1EC-4020-B0D7-162EC2A33495}
		{445F1C34-DBD2-40F0-8EF3-D8CBB7ECC04A} = {D96600EF-B563-4E27-B98E-706F7BFBCD67}
		{FA1E518E-CFC7-4C69-B8AC-084A3283B175} = {D96600EF-B563-4E27-B98E-706F7BFBCD67}
		{F19B092E-6B7F-4DC4-BBEE-BD2C8E3EF7D8} = {F6DEE2BB-A920-4DD0-9EF5-E3CF1DFC2DCC}
		{6BDD54C3-F258-4947-AB05-887180D3BA3E} = {F6DEE2BB-A920-4DD0-9EF5-E3CF1DFC2DCC}
		{A8E06E64-0D49-4122-9DC1-6BC832F1C147} = {722974A6-F1EC-4020-B0D7-162EC2A33495}
		{4CDFF11C-308D-42B0-B1BE-A59630298E3D} = {D96600EF-B563-4E27-B98E-706F7BFBCD67}
		{D308D944-190B-4D23-B4A5-5BF666609571} = {F6DEE2BB-A920-4DD0-9EF5-E3CF1DFC2DCC}
		{8F0B5B5D-23B7-45EB-AA13-478A9BF1D53E} = {5AFA95FE-9035-46A2-ADEB-F152804221A4}
		{AF05D91B-BD55-47F9-A93C-1389AC56710E} = {8F0B5B5D-23B7-45EB-AA13-478A9BF1D53E}
		{AAF90C57-BD5B-47B1-AF4B-EA5504ECAE4A} = {5AFA95FE-9035-46A2-ADEB-F152804221A4}
		{917854A9-6F95-473C-BEB5-D8408A963D46} = {AAF90C57-BD5B-47B1-AF4B-EA5504ECAE4A}
	EndGlobalSection
	GlobalSection(ExtensibilityGlobals) = postSolution
		SolutionGuid = {D6CDDDE8-5DA9-459D-A99C-3841260C6085}
	EndGlobalSection
EndGlobal
