
Microsoft Visual Studio Solution File, Format Version 12.00
# Visual Studio Version 17
VisualStudioVersion = 17.7.34018.315
MinimumVisualStudioVersion = 10.0.40219.1
Project("{2150E333-8FDC-42A3-9474-1A3956D46DE8}") = "10_-Thread Sync Techniques", "10_-Thread Sync Techniques", "{A2A1371F-3E4F-4691-948B-83D61E3964BC}"
EndProject
Project("{2150E333-8FDC-42A3-9474-1A3956D46DE8}") = "01-Basic Syntax", "01-Basic Syntax", "{2BFE3D0D-0479-4CFB-82F7-315818DA73F8}"
EndProject
Project("{2150E333-8FDC-42A3-9474-1A3956D46DE8}") = "04-Why threading. Divide and Conquer", "04-Why threading. Divide and Conquer", "{407498EC-3EC4-43A0-A3F0-FCFAD73375AF}"
EndProject
Project("{2150E333-8FDC-42A3-9474-1A3956D46DE8}") = "08-Thread Sync Overview", "08-Thread Sync Overview", "{89216427-7B7C-48C8-B857-6654B84C5889}"
EndProject
Project("{2150E333-8FDC-42A3-9474-1A3956D46DE8}") = "11-Airplane seats booking Question", "11-Airplane seats booking Question", "{6B0BA0E1-8B0D-4E95-B508-511CCC41925F}"
EndProject
Project("{2150E333-8FDC-42A3-9474-1A3956D46DE8}") = "06-Web Server Simulation Question", "06-Web Server Simulation Question", "{ED97B191-B629-4757-A810-952A7A6FF6CF}"
EndProject
Project("{2150E333-8FDC-42A3-9474-1A3956D46DE8}") = "05-Why threading. Offload Long Running Tasks", "05-Why threading. Offload Long Running Tasks", "{6D36D716-256D-46EF-BCF6-6F1E89452DA3}"
EndProject
Project("{2150E333-8FDC-42A3-9474-1A3956D46DE8}") = "1-Exclusive Lock", "1-Exclusive Lock", "{924FA83F-074F-4148-89A3-732B660C1DC5}"
EndProject
Project("{2150E333-8FDC-42A3-9474-1A3956D46DE8}") = "2-Monitor", "2-Monitor", "{A9AED39D-E5F7-40C0-A791-357EA4BD4226}"
EndProject
Project("{9A19103F-16F7-4668-BE54-9A1E7A4F7556}") = "BasicSyntax", "01-Basic Syntax\BasicSyntax.csproj", "{995F16F6-FB00-452C-94FE-E8A1119DF619}"
EndProject
Project("{9A19103F-16F7-4668-BE54-9A1E7A4F7556}") = "DivideConquer", "04-Why threading. Divide and Conquer\DivideConquer.csproj", "{FEAEA33A-3E73-4640-97BB-AC02B8D1641E}"
EndProject
Project("{9A19103F-16F7-4668-BE54-9A1E7A4F7556}") = "OffloadLongRunningTasks", "05-Why threading. Offload Long Running Tasks\OffloadLongRunningTasks.csproj", "{6878C6EA-27F4-41E3-A430-8AF40FBB05EB}"
EndProject
Project("{9A19103F-16F7-4668-BE54-9A1E7A4F7556}") = "WebServerSimulationQuestion", "06-Web Server Simulation Question\WebServerSimulationQuestion.csproj", "{79BA70D7-4BA7-4570-91F1-C37EA306733C}"
EndProject
Project("{9A19103F-16F7-4668-BE54-9A1E7A4F7556}") = "SynchronizationOverview", "08-Thread Sync Overview\SynchronizationOverview.csproj", "{78BD7FB5-5CF8-4CEA-AEB7-CBF3BE155EDD}"
EndProject
Project("{9A19103F-16F7-4668-BE54-9A1E7A4F7556}") = "AirplaneSeatBookingQuestion", "11-Airplane seats booking Question\AirplaneSeatBookingQuestion.csproj", "{5BB9E421-7420-46BD-B92F-81911199D34D}"
EndProject
Project("{9A19103F-16F7-4668-BE54-9A1E7A4F7556}") = "ExclusiveLock", "10_-Thread Sync Techniques\1-Exclusive Lock\ExclusiveLock\ExclusiveLock.csproj", "{21724ECD-B857-40C4-B293-71C25F23B2DF}"
EndProject
Project("{9A19103F-16F7-4668-BE54-9A1E7A4F7556}") = "Monitor", "10_-Thread Sync Techniques\2-Monitor\Monitor\Monitor.csproj", "{3925944C-B9EF-4F50-9FBA-D4C5AF419E86}"
EndProject
Project("{9A19103F-16F7-4668-BE54-9A1E7A4F7556}") = "Monitor_2", "10_-Thread Sync Techniques\2-Monitor\Monitor_2\Monitor_2.csproj", "{35D1E689-36C7-4897-851B-04244B6C09FB}"
EndProject
Project("{2150E333-8FDC-42A3-9474-1A3956D46DE8}") = "3-Mutex", "3-Mutex", "{8D028EF6-3C89-44C5-B8E6-BA810242A822}"
EndProject
Project("{9A19103F-16F7-4668-BE54-9A1E7A4F7556}") = "GlobalMutex", "10_-Thread Sync Techniques\3-Mutex\GlobalMutex\GlobalMutex.csproj", "{EB687F5B-444B-4EAE-A629-77BFFFEBA8CD}"
EndProject
Project("{9A19103F-16F7-4668-BE54-9A1E7A4F7556}") = "LocalMutex", "10_-Thread Sync Techniques\3-Mutex\LocalMutex\LocalMutex.csproj", "{23CAD735-1447-47A9-BD28-592755194162}"
EndProject
Project("{2150E333-8FDC-42A3-9474-1A3956D46DE8}") = "4-Reader and Writer Lock", "4-Reader and Writer Lock", "{735B4295-F544-4BED-A2D4-9F55AFFCC3AA}"
EndProject
Project("{9A19103F-16F7-4668-BE54-9A1E7A4F7556}") = "GlobalConfigurationCache", "10_-Thread Sync Techniques\4-Reader and Writer Lock\GlobalConfigurationCache\GlobalConfigurationCache.csproj", "{C8F42817-A29B-4986-BCC8-C78FA98B1543}"
EndProject
Project("{FAE04EC0-301F-11D3-BF4B-00C04F79EFBC}") = "DeadLockExample", "10_-Thread Sync Techniques\4-Reader and Writer Lock\DeadLockExample\DeadLockExample.csproj", "{C7B8DC41-E15D-4C2A-AA0F-EAE819DB7141}"
EndProject
Project("{FAE04EC0-301F-11D3-BF4B-00C04F79EFBC}") = "MicrosoftExample", "10_-Thread Sync Techniques\4-Reader and Writer Lock\MicrosoftExample\MicrosoftExample.csproj", "{A56F1BE8-D8BC-4E8F-9F2D-751AA4BE1D01}"
EndProject
Project("{2150E333-8FDC-42A3-9474-1A3956D46DE8}") = "16_-Thread Coordination Teachniques", "16_-Thread Coordination Teachniques", "{5AFA95FE-9035-46A2-ADEB-F152804221A4}"
EndProject
Project("{2150E333-8FDC-42A3-9474-1A3956D46DE8}") = "1-Semaphore", "1-Semaphore", "{722974A6-F1EC-4020-B0D7-162EC2A33495}"
EndProject
Project("{2150E333-8FDC-42A3-9474-1A3956D46DE8}") = "2-Signaling with AutoResetEvent", "2-Signaling with AutoResetEvent", "{D96600EF-B563-4E27-B98E-706F7BFBCD67}"
EndProject
Project("{2150E333-8FDC-42A3-9474-1A3956D46DE8}") = "3-Signaling with ManualResetEvent", "3-Signaling with ManualResetEvent", "{F6DEE2BB-A920-4DD0-9EF5-E3CF1DFC2DCC}"
EndProject
Project("{FAE04EC0-301F-11D3-BF4B-00C04F79EFBC}") = "Semaphore", "16_-Thread Coordination Teachniques\1-Semaphore\Semaphore\Semaphore.csproj", "{4FBCC98B-46B6-490A-8953-A2BB5539D85A}"
EndProject
Project("{FAE04EC0-301F-11D3-BF4B-00C04F79EFBC}") = "SignalingAutoResetEvent", "16_-Thread Coordination Teachniques\2-Signaling with AutoResetEvent\SignalingAutoResetEvent\SignalingAutoResetEvent.csproj", "{445F1C34-DBD2-40F0-8EF3-D8CBB7ECC04A}"
EndProject
Project("{FAE04EC0-301F-11D3-BF4B-00C04F79EFBC}") = "SignalingAutoResetEventWithMultiWorkerThreads", "16_-Thread Coordination Teachniques\2-Signaling with AutoResetEvent\SignalingAutoResetEventWithMultiWorkerThreads\SignalingAutoResetEventWithMultiWorkerThreads.csproj", "{FA1E518E-CFC7-4C69-B8AC-084A3283B175}"
EndProject
Project("{FAE04EC0-301F-11D3-BF4B-00C04F79EFBC}") = "ManualResetEventSwitch", "16_-Thread Coordination Teachniques\3-Signaling with ManualResetEvent\ManualResetEventSwitch\ManualResetEventSwitch.csproj", "{F19B092E-6B7F-4DC4-BBEE-BD2C8E3EF7D8}"
EndProject
Project("{FAE04EC0-301F-11D3-BF4B-00C04F79EFBC}") = "SignalingManualResetEvent", "16_-Thread Coordination Teachniques\3-Signaling with ManualResetEvent\SignalingManualResetEvent\SignalingManualResetEvent.csproj", "{6BDD54C3-F258-4947-AB05-887180D3BA3E}"
EndProject
Project("{FAE04EC0-301F-11D3-BF4B-00C04F79EFBC}") = "SemaphoreMicrosoftExample", "16_-Thread Coordination Teachniques\1-Semaphore\SemaphoreMicrosoftExample\SemaphoreMicrosoftExample.csproj", "{A8E06E64-0D49-4122-9DC1-6BC832F1C147}"
EndProject
Project("{FAE04EC0-301F-11D3-BF4B-00C04F79EFBC}") = "AutoResetEventMicrosoftExample", "16_-Thread Coordination Teachniques\2-Signaling with AutoResetEvent\AutoResetEventMicrosoftExample\AutoResetEventMicrosoftExample.csproj", "{4CDFF11C-308D-42B0-B1BE-A59630298E3D}"
EndProject
Project("{FAE04EC0-301F-11D3-BF4B-00C04F79EFBC}") = "ManualResetEventMicrosoftExample", "16_-Thread Coordination Teachniques\3-Signaling with ManualResetEvent\ManualResetEventMicrosoftExample\ManualResetEventMicrosoftExample.csproj", "{D308D944-190B-4D23-B4A5-5BF666609571}"
EndProject
Project("{2150E333-8FDC-42A3-9474-1A3956D46DE8}") = "4-Signaling with ManualResetEventSlim", "4-Signaling with ManualResetEventSlim", "{8F0B5B5D-23B7-45EB-AA13-478A9BF1D53E}"
EndProject
Project("{FAE04EC0-301F-11D3-BF4B-00C04F79EFBC}") = "ManualResetEventSlimMicrosoftExample", "16_-Thread Coordination Teachniques\4-Signaling with ManualResetEventSlim\ManualResetEventSlimMicrosoftExample\ManualResetEventSlimMicrosoftExample.csproj", "{AF05D91B-BD55-47F9-A93C-1389AC56710E}"
EndProject
Project("{2150E333-8FDC-42A3-9474-1A3956D46DE8}") = "5-Signaling with EventWaitHandle", "5-Signaling with EventWaitHandle", "{AAF90C57-BD5B-47B1-AF4B-EA5504ECAE4A}"
EndProject
Project("{FAE04EC0-301F-11D3-BF4B-00C04F79EFBC}") = "EventWaitHandleMicrosoftExample", "16_-Thread Coordination Teachniques\5-Signaling with EventWaitHandle\EventWaitHandleMicrosoftExample\EventWaitHandleMicrosoftExample.csproj", "{917854A9-6F95-473C-BEB5-D8408A963D46}"
EndProject
Project("{2150E333-8FDC-42A3-9474-1A3956D46DE8}") = "19-Two Way Signaling In Producer Consumer Scenario Question", "19-Two Way Signaling In Producer Consumer Scenario Question", "{61EDE4A8-7EEE-49DE-9738-8A6DF53D1594}"
EndProject
Project("{FAE04EC0-301F-11D3-BF4B-00C04F79EFBC}") = "CorrectAnswer", "19-Two Way Signaling In Producer Consumer Scenario Question\CorrectAnswer\CorrectAnswer.csproj", "{A1DE1757-AF6F-4435-9175-284E689F0137}"
EndProject
Project("{FAE04EC0-301F-11D3-BF4B-00C04F79EFBC}") = "TwoWaySignalingInProducer_ConsumerScenarioQuestion", "19-Two Way Signaling In Producer Consumer Scenario Question\TwoWaySignalingInProducer_ConsumerScenarioQuestion\TwoWaySignalingInProducer_ConsumerScenarioQuestion.csproj", "{AE2C80DF-E1E1-49A3-9032-CF6BC25EB5F7}"
EndProject
Project("{2150E333-8FDC-42A3-9474-1A3956D46DE8}") = "21-Thread Affinity", "21-Thread Affinity", "{A770B0AE-B9D3-4CEF-8B25-29ACAD6FB6DA}"
EndProject
Project("{FAE04EC0-301F-11D3-BF4B-00C04F79EFBC}") = "ThreadAffinityWPF", "21-Thread Affinity\ThreadAffinityWPF\ThreadAffinityWPF.csproj", "{9F49ECCD-FB52-45A1-93FC-CA5E445795F2}"
EndProject
Project("{FAE04EC0-301F-11D3-BF4B-00C04F79EFBC}") = "BlazorThreadAffinity", "21-Thread Affinity\BlazorThreadAffinity\BlazorThreadAffinity.csproj", "{716ED0C2-EC88-4C1C-AA4D-CF6494E7F116}"
EndProject
Project("{2150E333-8FDC-42A3-9474-1A3956D46DE8}") = "23-DeadLock", "23-DeadLock", "{343A10B9-764B-4FC1-A096-053049AAF916}"
EndProject
Project("{FAE04EC0-301F-11D3-BF4B-00C04F79EFBC}") = "DeadLockExample", "23-DeadLock\DeadLockExample.csproj", "{5C472F7E-5A37-474A-B2AE-F2DC718EDFC8}"
EndProject
Project("{2150E333-8FDC-42A3-9474-1A3956D46DE8}") = "24-How to debug multi thread apps", "24-How to debug multi thread apps", "{4A4B75AD-FED2-4DAF-872C-C8717D0260B4}"
EndProject
Project("{FAE04EC0-301F-11D3-BF4B-00C04F79EFBC}") = "Debugging", "24-How to debug multi thread apps\Debugging\Debugging.csproj", "{E39F0A9E-A3FC-4CCD-AB73-B365B6D66241}"
EndProject
Project("{2150E333-8FDC-42A3-9474-1A3956D46DE8}") = "25-Thread state", "25-Thread state", "{D762B8F0-277C-4ADF-9CC0-779A4A211B1B}"
EndProject
Project("{FAE04EC0-301F-11D3-BF4B-00C04F79EFBC}") = "ThreadState", "25-Thread state\ThreadState.csproj", "{7813C06A-31D5-40C4-BC28-0CF49A8BDB03}"
EndProject
Project("{2150E333-8FDC-42A3-9474-1A3956D46DE8}") = "26-Ways to make a thread wait", "26-Ways to make a thread wait", "{0DF395C6-1B6B-4FE3-B73C-01A322FE29C0}"
EndProject
Project("{FAE04EC0-301F-11D3-BF4B-00C04F79EFBC}") = "SpinWait", "26-Ways to make a thread wait\SpinWait\SpinWait.csproj", "{D3BDF5D9-582B-485B-B02C-4F7E096E4EC0}"
EndProject
Project("{FAE04EC0-301F-11D3-BF4B-00C04F79EFBC}") = "WaitUntil", "26-Ways to make a thread wait\WaitUntil\WaitUntil.csproj", "{AE6308FD-AD24-4399-9FEB-BD66A58F9B09}"
EndProject
Project("{2150E333-8FDC-42A3-9474-1A3956D46DE8}") = "27-Returning results from a thread", "27-Returning results from a thread", "{0147F7CC-579E-44F0-A186-D8A48F5150AD}"
EndProject
Project("{FAE04EC0-301F-11D3-BF4B-00C04F79EFBC}") = "ReturningResultsFromAThread", "27-Returning results from a thread\ReturningResultsFromAThread\ReturningResultsFromAThread.csproj", "{8BA078B0-50AC-4FBC-8DEB-B9F74DA18D26}"
EndProject
Project("{2150E333-8FDC-42A3-9474-1A3956D46DE8}") = "28-Thread Cancellation", "28-Thread Cancellation", "{524CDD16-BE3E-4C9B-A85D-1BAED1F55EE2}"
EndProject
Project("{FAE04EC0-301F-11D3-BF4B-00C04F79EFBC}") = "ManuallyCancellation", "28-Thread Cancellation\ManuallyCancellation\ManuallyCancellation.csproj", "{C24493E4-6047-452E-9750-2257905A75C7}"
EndProject
Project("{FAE04EC0-301F-11D3-BF4B-00C04F79EFBC}") = "ObjectCancellationMechanism", "28-Thread Cancellation\ObjectCancellationMechanism\ObjectCancellationMechanism.csproj", "{CA780BB5-F7C3-4EC9-9432-7519619AFA67}"
EndProject
Project("{FAE04EC0-301F-11D3-BF4B-00C04F79EFBC}") = "TokenCancellation", "28-Thread Cancellation\TokenCancellation\TokenCancellation.csproj", "{F317FBF2-237D-43E0-AA0A-36B0DC530189}"
EndProject
Project("{2150E333-8FDC-42A3-9474-1A3956D46DE8}") = "29-Thread Pool", "29-Thread Pool", "{10EBA716-8850-4436-9C96-C391495FA361}"
EndProject
Project("{FAE04EC0-301F-11D3-BF4B-00C04F79EFBC}") = "ThreadPool", "29-Thread Pool\ThreadPool\ThreadPool.csproj", "{8DBA04C8-01FD-4753-8869-6BED87DA6413}"
EndProject
Project("{2150E333-8FDC-42A3-9474-1A3956D46DE8}") = "30-Exception Handling", "30-Exception Handling", "{CD443375-0F3A-45CC-92F2-2F376B1806BC}"
EndProject
Project("{FAE04EC0-301F-11D3-BF4B-00C04F79EFBC}") = "CorrectThreadExceptionHandling", "30-Exception Handling\CorrectThreadExceptionHandling\CorrectThreadExceptionHandling.csproj", "{7E97F49A-63C1-484B-AFEB-D09D0CA90F28}"
EndProject
Project("{FAE04EC0-301F-11D3-BF4B-00C04F79EFBC}") = "ExceptionHandling", "30-Exception Handling\ExceptionHandling\ExceptionHandling.csproj", "{283578B9-A3EB-4468-8546-C9BAD2866CF8}"
EndProject
Project("{2150E333-8FDC-42A3-9474-1A3956D46DE8}") = "32-Basic syntax of using tasks", "32-Basic syntax of using tasks", "{721A286A-CD9D-4501-BC68-7F504B188BB5}"
EndProject
Project("{FAE04EC0-301F-11D3-BF4B-00C04F79EFBC}") = "TaskBasycSyntax", "32-Basic syntax of using tasks\TaskBasycSyntax\TaskBasycSyntax.csproj", "{DB8B23C2-B124-40B6-9B50-FBF46668386F}"
EndProject
Project("{2150E333-8FDC-42A3-9474-1A3956D46DE8}") = "35-Returning results from a task", "35-Returning results from a task", "{6AB2A6B0-148D-4348-BF86-8A39A2C89369}"
EndProject
Project("{FAE04EC0-301F-11D3-BF4B-00C04F79EFBC}") = "ReturningResultsFromATask", "35-Returning results from a task\ReturningResultsFromATask\ReturningResultsFromATask.csproj", "{60F047EF-36CB-40E7-AF7D-D463C9FF1FFE}"
EndProject
Project("{2150E333-8FDC-42A3-9474-1A3956D46DE8}") = "36-Divide and Conquer With Tasks Question ", "36-Divide and Conquer With Tasks Question ", "{FF8BC709-ABB3-4FF9-845D-A0547BEE89C6}"
EndProject
Project("{FAE04EC0-301F-11D3-BF4B-00C04F79EFBC}") = "DivideConquer", "36-Divide and Conquer With Tasks Question \DivideConquer.csproj", "{25548274-667F-4B6E-B37F-9141409D3632}"
EndProject
Project("{2150E333-8FDC-42A3-9474-1A3956D46DE8}") = "38-Wait, WaitAll, Result", "38-Wait, WaitAll, Result", "{69892F8E-7CB6-47B4-80F8-2AC0F859B3F1}"
EndProject
Project("{2150E333-8FDC-42A3-9474-1A3956D46DE8}") = "39-Task Continuation ContinueWith", "39-Task Continuation ContinueWith", "{9A2DD891-25E7-4152-8FB2-E8C269513379}"
EndProject
Project("{2150E333-8FDC-42A3-9474-1A3956D46DE8}") = "40-Task Continuation WhenAll, WhenAny", "40-Task Continuation WhenAll, WhenAny", "{C235E930-00DF-4B59-95BC-CA2745E2168E}"
EndProject
Project("{2150E333-8FDC-42A3-9474-1A3956D46DE8}") = "41-Task Continuation Continuation Chain & Unwrap", "41-Task Continuation Continuation Chain & Unwrap", "{965676EA-B431-4462-AC9A-9E24084FECA1}"
EndProject
Project("{FAE04EC0-301F-11D3-BF4B-00C04F79EFBC}") = "PokemonExample", "38-Wait, WaitAll, Result\PokemonExample\PokemonExample.csproj", "{2538B88A-7807-4866-8334-C6719640D99D}"
EndProject
Project("{FAE04EC0-301F-11D3-BF4B-00C04F79EFBC}") = "Wait_WaitAll_Result", "38-Wait, WaitAll, Result\Wait_WaitAll_Result\Wait_WaitAll_Result.csproj", "{1B8286D8-2F65-4F7F-B80C-7A4D02C199C2}"
EndProject
Project("{FAE04EC0-301F-11D3-BF4B-00C04F79EFBC}") = "ContinueWith", "39-Task Continuation ContinueWith\ContinueWith\ContinueWith.csproj", "{2B89A40C-FDB9-446B-9B6C-7374DEC593F6}"
EndProject
Project("{FAE04EC0-301F-11D3-BF4B-00C04F79EFBC}") = "ContinueWithMicrosoftExample", "39-Task Continuation ContinueWith\ContinueWithMicrosoftExample\ContinueWithMicrosoftExample.csproj", "{0E41DB15-9BDA-4875-A1CF-4AD50A334A34}"
EndProject
Project("{FAE04EC0-301F-11D3-BF4B-00C04F79EFBC}") = "WhenAll_WhenAny", "40-Task Continuation WhenAll, WhenAny\WhenAll_WhenAny\WhenAll_WhenAny.csproj", "{44D5A645-B9B4-4654-950A-338CD7556A64}"
EndProject
Project("{FAE04EC0-301F-11D3-BF4B-00C04F79EFBC}") = "ContinuationChainAndUnwrap", "41-Task Continuation Continuation Chain & Unwrap\ContinuationChainAndUnwrap\ContinuationChainAndUnwrap.csproj", "{D5C41A3E-0037-42CC-BF15-E92FA615C72F}"
EndProject
Project("{2150E333-8FDC-42A3-9474-1A3956D46DE8}") = "42-Exception Handling in Tasks", "42-Exception Handling in Tasks", "{36DAAF78-657B-4C5C-A376-8D7D4E40BE0D}"
EndProject
Project("{FAE04EC0-301F-11D3-BF4B-00C04F79EFBC}") = "ExceptionPokemonExample", "42-Exception Handling in Tasks\ExceptionPokemonExample\ExceptionPokemonExample.csproj", "{D8506697-3829-4F0E-9A9C-2B33F9CEECD6}"
EndProject
Project("{FAE04EC0-301F-11D3-BF4B-00C04F79EFBC}") = "ExceptionsStoreWithinTask", "42-Exception Handling in Tasks\ExceptionsStoreWithinTask\ExceptionsStoreWithinTask.csproj", "{90F0E2D4-7AD8-40AF-8495-58E91E88C49E}"
EndProject
Project("{FAE04EC0-301F-11D3-BF4B-00C04F79EFBC}") = "MultipleExceptions", "42-Exception Handling in Tasks\MultipleExceptions\MultipleExceptions.csproj", "{05F7137B-7C41-44C7-A423-6764610578A1}"
EndProject
Project("{FAE04EC0-301F-11D3-BF4B-00C04F79EFBC}") = "TryCatchPokemonExample", "42-Exception Handling in Tasks\TryCatchPokemonExample\TryCatchPokemonExample.csproj", "{E00EDB33-92B3-47C0-86BA-D87B47B99805}"
EndProject
Project("{2150E333-8FDC-42A3-9474-1A3956D46DE8}") = "43-Tasks synchronization", "43-Tasks synchronization", "{BAB2C808-F031-4C90-968E-2BE452756A61}"
EndProject
Project("{FAE04EC0-301F-11D3-BF4B-00C04F79EFBC}") = "AirPlaneExample", "43-Tasks synchronization\AirPlaneExample\AirPlaneExample.csproj", "{64D0E3C4-6751-49C8-847A-CB81808B30C3}"
EndProject
Project("{FAE04EC0-301F-11D3-BF4B-00C04F79EFBC}") = "AutoResetEventExample", "43-Tasks synchronization\AutoResetEventExample\AutoResetEventExample.csproj", "{15DF5C99-D409-4501-8BB3-9BE4276F45B5}"
EndProject
Project("{FAE04EC0-301F-11D3-BF4B-00C04F79EFBC}") = "EventWaitHandleExample", "43-Tasks synchronization\EventWaitHandleExample\EventWaitHandleExample.csproj", "{D2D15966-81B1-4EE8-8B37-E1E32831A53D}"
EndProject
Project("{FAE04EC0-301F-11D3-BF4B-00C04F79EFBC}") = "ManualResetEventExample", "43-Tasks synchronization\ManualResetEventExample\ManualResetEventExample.csproj", "{3D2201AE-92EA-44A2-9014-4CB05B75FDBE}"
EndProject
Project("{FAE04EC0-301F-11D3-BF4B-00C04F79EFBC}") = "SemaphoreExample", "43-Tasks synchronization\SemaphoreExample\SemaphoreExample.csproj", "{1FFB39C4-514C-4AA7-8B3D-0272F64373F4}"
EndProject
Project("{FAE04EC0-301F-11D3-BF4B-00C04F79EFBC}") = "TwoWaySignaling", "43-Tasks synchronization\TwoWaySignaling\TwoWaySignaling.csproj", "{7517AF0E-549B-4A13-9950-6E6BF8EA0A0D}"
EndProject
Project("{FAE04EC0-301F-11D3-BF4B-00C04F79EFBC}") = "WebServerExample", "43-Tasks synchronization\WebServerExample\WebServerExample.csproj", "{776AE84C-B50F-430C-911A-122F560FB5D7}"
EndProject
Project("{2150E333-8FDC-42A3-9474-1A3956D46DE8}") = "44-Task Cancellation", "44-Task Cancellation", "{38DF5E08-177E-4213-AA70-056304E7D76C}"
EndProject
Project("{FAE04EC0-301F-11D3-BF4B-00C04F79EFBC}") = "CancellationTokenExample", "44-Task Cancellation\CancellationTokenExample\CancellationTokenExample.csproj", "{D3BB1A46-3973-479E-BB19-DA2FF2628F86}"
EndProject
Project("{FAE04EC0-301F-11D3-BF4B-00C04F79EFBC}") = "ManualCancellationExample", "44-Task Cancellation\ManualCancellationExample\ManualCancellationExample.csproj", "{0DB96D84-D133-47E9-ACE7-6783B617A2F6}"
EndProject
Project("{FAE04EC0-301F-11D3-BF4B-00C04F79EFBC}") = "ObjectCancellationMechanismExample", "44-Task Cancellation\ObjectCancellationMechanismExample\ObjectCancellationMechanismExample.csproj", "{351C41E3-13EB-4250-B32B-5B5B0C830CC4}"
EndProject
Project("{2150E333-8FDC-42A3-9474-1A3956D46DE8}") = "45-Async & Await", "45-Async & Await", "{9BFEF75D-7349-4DE2-978E-175406A3CAA8}"
EndProject
Project("{FAE04EC0-301F-11D3-BF4B-00C04F79EFBC}") = "AsyncPokemon1", "45-Async & Await\AsyncPokemon1\AsyncPokemon1.csproj", "{6E7298F9-6512-405F-8C97-915429969B47}"
EndProject
Project("{2150E333-8FDC-42A3-9474-1A3956D46DE8}") = "46-Basic syntax of Async and Await", "46-Basic syntax of Async and Await", "{E088287F-03B0-46A4-903E-1017C52F776A}"
EndProject
Project("{FAE04EC0-301F-11D3-BF4B-00C04F79EFBC}") = "AsyncAndAwaitBasicSyntax1", "46-Basic syntax of Async and Await\AsyncAndAwaitBasicSyntax1\AsyncAndAwaitBasicSyntax1.csproj", "{F3D63ECB-2854-456C-A2F3-065522A86E85}"
EndProject
Project("{FAE04EC0-301F-11D3-BF4B-00C04F79EFBC}") = "AsyncAndAwaitBasicSyntax2", "46-Basic syntax of Async and Await\AsyncAndAwaitBasicSyntax2\AsyncAndAwaitBasicSyntax2.csproj", "{3720F3E9-087D-4269-9991-C5566DAC6D75}"
EndProject
Project("{FAE04EC0-301F-11D3-BF4B-00C04F79EFBC}") = "AsyncBreakfast1", "46-Basic syntax of Async and Await\AsyncBreakfast1\AsyncBreakfast1.csproj", "{F2EBC625-DAD5-4F4A-8A74-6C39F5840F4F}"
EndProject
Project("{FAE04EC0-301F-11D3-BF4B-00C04F79EFBC}") = "AsyncBreakfast2", "46-Basic syntax of Async and Await\AsyncBreakfast2\AsyncBreakfast2.csproj", "{5FC41D4A-FD35-4D09-91EF-9B788FD4A664}"
EndProject
Project("{FAE04EC0-301F-11D3-BF4B-00C04F79EFBC}") = "AsyncBreakfast3", "46-Basic syntax of Async and Await\AsyncBreakfast3\AsyncBreakfast3.csproj", "{A45F78EF-9406-4D51-8893-5E35A20577A0}"
EndProject
Project("{FAE04EC0-301F-11D3-BF4B-00C04F79EFBC}") = "AsyncBreakfast4", "46-Basic syntax of Async and Await\AsyncBreakfast4\AsyncBreakfast4.csproj", "{FAF29758-7961-4F63-9DF3-6964B5262268}"
EndProject
Project("{FAE04EC0-301F-11D3-BF4B-00C04F79EFBC}") = "AsyncBreakfast5", "46-Basic syntax of Async and Await\AsyncBreakfast5\AsyncBreakfast5.csproj", "{47230335-4815-4952-B605-AF65B05AAFA5}"
EndProject
Global
	GlobalSection(SolutionConfigurationPlatforms) = preSolution
		Debug|Any CPU = Debug|Any CPU
		Release|Any CPU = Release|Any CPU
	EndGlobalSection
	GlobalSection(ProjectConfigurationPlatforms) = postSolution
		{995F16F6-FB00-452C-94FE-E8A1119DF619}.Debug|Any CPU.ActiveCfg = Debug|Any CPU
		{995F16F6-FB00-452C-94FE-E8A1119DF619}.Debug|Any CPU.Build.0 = Debug|Any CPU
		{995F16F6-FB00-452C-94FE-E8A1119DF619}.Release|Any CPU.ActiveCfg = Release|Any CPU
		{995F16F6-FB00-452C-94FE-E8A1119DF619}.Release|Any CPU.Build.0 = Release|Any CPU
		{FEAEA33A-3E73-4640-97BB-AC02B8D1641E}.Debug|Any CPU.ActiveCfg = Debug|Any CPU
		{FEAEA33A-3E73-4640-97BB-AC02B8D1641E}.Debug|Any CPU.Build.0 = Debug|Any CPU
		{FEAEA33A-3E73-4640-97BB-AC02B8D1641E}.Release|Any CPU.ActiveCfg = Release|Any CPU
		{FEAEA33A-3E73-4640-97BB-AC02B8D1641E}.Release|Any CPU.Build.0 = Release|Any CPU
		{6878C6EA-27F4-41E3-A430-8AF40FBB05EB}.Debug|Any CPU.ActiveCfg = Debug|Any CPU
		{6878C6EA-27F4-41E3-A430-8AF40FBB05EB}.Debug|Any CPU.Build.0 = Debug|Any CPU
		{6878C6EA-27F4-41E3-A430-8AF40FBB05EB}.Release|Any CPU.ActiveCfg = Release|Any CPU
		{6878C6EA-27F4-41E3-A430-8AF40FBB05EB}.Release|Any CPU.Build.0 = Release|Any CPU
		{79BA70D7-4BA7-4570-91F1-C37EA306733C}.Debug|Any CPU.ActiveCfg = Debug|Any CPU
		{79BA70D7-4BA7-4570-91F1-C37EA306733C}.Debug|Any CPU.Build.0 = Debug|Any CPU
		{79BA70D7-4BA7-4570-91F1-C37EA306733C}.Release|Any CPU.ActiveCfg = Release|Any CPU
		{79BA70D7-4BA7-4570-91F1-C37EA306733C}.Release|Any CPU.Build.0 = Release|Any CPU
		{78BD7FB5-5CF8-4CEA-AEB7-CBF3BE155EDD}.Debug|Any CPU.ActiveCfg = Debug|Any CPU
		{78BD7FB5-5CF8-4CEA-AEB7-CBF3BE155EDD}.Debug|Any CPU.Build.0 = Debug|Any CPU
		{78BD7FB5-5CF8-4CEA-AEB7-CBF3BE155EDD}.Release|Any CPU.ActiveCfg = Release|Any CPU
		{78BD7FB5-5CF8-4CEA-AEB7-CBF3BE155EDD}.Release|Any CPU.Build.0 = Release|Any CPU
		{5BB9E421-7420-46BD-B92F-81911199D34D}.Debug|Any CPU.ActiveCfg = Debug|Any CPU
		{5BB9E421-7420-46BD-B92F-81911199D34D}.Debug|Any CPU.Build.0 = Debug|Any CPU
		{5BB9E421-7420-46BD-B92F-81911199D34D}.Release|Any CPU.ActiveCfg = Release|Any CPU
		{5BB9E421-7420-46BD-B92F-81911199D34D}.Release|Any CPU.Build.0 = Release|Any CPU
		{21724ECD-B857-40C4-B293-71C25F23B2DF}.Debug|Any CPU.ActiveCfg = Debug|Any CPU
		{21724ECD-B857-40C4-B293-71C25F23B2DF}.Debug|Any CPU.Build.0 = Debug|Any CPU
		{21724ECD-B857-40C4-B293-71C25F23B2DF}.Release|Any CPU.ActiveCfg = Release|Any CPU
		{21724ECD-B857-40C4-B293-71C25F23B2DF}.Release|Any CPU.Build.0 = Release|Any CPU
		{3925944C-B9EF-4F50-9FBA-D4C5AF419E86}.Debug|Any CPU.ActiveCfg = Debug|Any CPU
		{3925944C-B9EF-4F50-9FBA-D4C5AF419E86}.Debug|Any CPU.Build.0 = Debug|Any CPU
		{3925944C-B9EF-4F50-9FBA-D4C5AF419E86}.Release|Any CPU.ActiveCfg = Release|Any CPU
		{3925944C-B9EF-4F50-9FBA-D4C5AF419E86}.Release|Any CPU.Build.0 = Release|Any CPU
		{35D1E689-36C7-4897-851B-04244B6C09FB}.Debug|Any CPU.ActiveCfg = Debug|Any CPU
		{35D1E689-36C7-4897-851B-04244B6C09FB}.Debug|Any CPU.Build.0 = Debug|Any CPU
		{35D1E689-36C7-4897-851B-04244B6C09FB}.Release|Any CPU.ActiveCfg = Release|Any CPU
		{35D1E689-36C7-4897-851B-04244B6C09FB}.Release|Any CPU.Build.0 = Release|Any CPU
		{EB687F5B-444B-4EAE-A629-77BFFFEBA8CD}.Debug|Any CPU.ActiveCfg = Debug|Any CPU
		{EB687F5B-444B-4EAE-A629-77BFFFEBA8CD}.Debug|Any CPU.Build.0 = Debug|Any CPU
		{EB687F5B-444B-4EAE-A629-77BFFFEBA8CD}.Release|Any CPU.ActiveCfg = Release|Any CPU
		{EB687F5B-444B-4EAE-A629-77BFFFEBA8CD}.Release|Any CPU.Build.0 = Release|Any CPU
		{23CAD735-1447-47A9-BD28-592755194162}.Debug|Any CPU.ActiveCfg = Debug|Any CPU
		{23CAD735-1447-47A9-BD28-592755194162}.Debug|Any CPU.Build.0 = Debug|Any CPU
		{23CAD735-1447-47A9-BD28-592755194162}.Release|Any CPU.ActiveCfg = Release|Any CPU
		{23CAD735-1447-47A9-BD28-592755194162}.Release|Any CPU.Build.0 = Release|Any CPU
		{C8F42817-A29B-4986-BCC8-C78FA98B1543}.Debug|Any CPU.ActiveCfg = Debug|Any CPU
		{C8F42817-A29B-4986-BCC8-C78FA98B1543}.Debug|Any CPU.Build.0 = Debug|Any CPU
		{C8F42817-A29B-4986-BCC8-C78FA98B1543}.Release|Any CPU.ActiveCfg = Release|Any CPU
		{C8F42817-A29B-4986-BCC8-C78FA98B1543}.Release|Any CPU.Build.0 = Release|Any CPU
		{C7B8DC41-E15D-4C2A-AA0F-EAE819DB7141}.Debug|Any CPU.ActiveCfg = Debug|Any CPU
		{C7B8DC41-E15D-4C2A-AA0F-EAE819DB7141}.Debug|Any CPU.Build.0 = Debug|Any CPU
		{C7B8DC41-E15D-4C2A-AA0F-EAE819DB7141}.Release|Any CPU.ActiveCfg = Release|Any CPU
		{C7B8DC41-E15D-4C2A-AA0F-EAE819DB7141}.Release|Any CPU.Build.0 = Release|Any CPU
		{A56F1BE8-D8BC-4E8F-9F2D-751AA4BE1D01}.Debug|Any CPU.ActiveCfg = Debug|Any CPU
		{A56F1BE8-D8BC-4E8F-9F2D-751AA4BE1D01}.Debug|Any CPU.Build.0 = Debug|Any CPU
		{A56F1BE8-D8BC-4E8F-9F2D-751AA4BE1D01}.Release|Any CPU.ActiveCfg = Release|Any CPU
		{A56F1BE8-D8BC-4E8F-9F2D-751AA4BE1D01}.Release|Any CPU.Build.0 = Release|Any CPU
		{4FBCC98B-46B6-490A-8953-A2BB5539D85A}.Debug|Any CPU.ActiveCfg = Debug|Any CPU
		{4FBCC98B-46B6-490A-8953-A2BB5539D85A}.Debug|Any CPU.Build.0 = Debug|Any CPU
		{4FBCC98B-46B6-490A-8953-A2BB5539D85A}.Release|Any CPU.ActiveCfg = Release|Any CPU
		{4FBCC98B-46B6-490A-8953-A2BB5539D85A}.Release|Any CPU.Build.0 = Release|Any CPU
		{445F1C34-DBD2-40F0-8EF3-D8CBB7ECC04A}.Debug|Any CPU.ActiveCfg = Debug|Any CPU
		{445F1C34-DBD2-40F0-8EF3-D8CBB7ECC04A}.Debug|Any CPU.Build.0 = Debug|Any CPU
		{445F1C34-DBD2-40F0-8EF3-D8CBB7ECC04A}.Release|Any CPU.ActiveCfg = Release|Any CPU
		{445F1C34-DBD2-40F0-8EF3-D8CBB7ECC04A}.Release|Any CPU.Build.0 = Release|Any CPU
		{FA1E518E-CFC7-4C69-B8AC-084A3283B175}.Debug|Any CPU.ActiveCfg = Debug|Any CPU
		{FA1E518E-CFC7-4C69-B8AC-084A3283B175}.Debug|Any CPU.Build.0 = Debug|Any CPU
		{FA1E518E-CFC7-4C69-B8AC-084A3283B175}.Release|Any CPU.ActiveCfg = Release|Any CPU
		{FA1E518E-CFC7-4C69-B8AC-084A3283B175}.Release|Any CPU.Build.0 = Release|Any CPU
		{F19B092E-6B7F-4DC4-BBEE-BD2C8E3EF7D8}.Debug|Any CPU.ActiveCfg = Debug|Any CPU
		{F19B092E-6B7F-4DC4-BBEE-BD2C8E3EF7D8}.Debug|Any CPU.Build.0 = Debug|Any CPU
		{F19B092E-6B7F-4DC4-BBEE-BD2C8E3EF7D8}.Release|Any CPU.ActiveCfg = Release|Any CPU
		{F19B092E-6B7F-4DC4-BBEE-BD2C8E3EF7D8}.Release|Any CPU.Build.0 = Release|Any CPU
		{6BDD54C3-F258-4947-AB05-887180D3BA3E}.Debug|Any CPU.ActiveCfg = Debug|Any CPU
		{6BDD54C3-F258-4947-AB05-887180D3BA3E}.Debug|Any CPU.Build.0 = Debug|Any CPU
		{6BDD54C3-F258-4947-AB05-887180D3BA3E}.Release|Any CPU.ActiveCfg = Release|Any CPU
		{6BDD54C3-F258-4947-AB05-887180D3BA3E}.Release|Any CPU.Build.0 = Release|Any CPU
		{A8E06E64-0D49-4122-9DC1-6BC832F1C147}.Debug|Any CPU.ActiveCfg = Debug|Any CPU
		{A8E06E64-0D49-4122-9DC1-6BC832F1C147}.Debug|Any CPU.Build.0 = Debug|Any CPU
		{A8E06E64-0D49-4122-9DC1-6BC832F1C147}.Release|Any CPU.ActiveCfg = Release|Any CPU
		{A8E06E64-0D49-4122-9DC1-6BC832F1C147}.Release|Any CPU.Build.0 = Release|Any CPU
		{4CDFF11C-308D-42B0-B1BE-A59630298E3D}.Debug|Any CPU.ActiveCfg = Debug|Any CPU
		{4CDFF11C-308D-42B0-B1BE-A59630298E3D}.Debug|Any CPU.Build.0 = Debug|Any CPU
		{4CDFF11C-308D-42B0-B1BE-A59630298E3D}.Release|Any CPU.ActiveCfg = Release|Any CPU
		{4CDFF11C-308D-42B0-B1BE-A59630298E3D}.Release|Any CPU.Build.0 = Release|Any CPU
		{D308D944-190B-4D23-B4A5-5BF666609571}.Debug|Any CPU.ActiveCfg = Debug|Any CPU
		{D308D944-190B-4D23-B4A5-5BF666609571}.Debug|Any CPU.Build.0 = Debug|Any CPU
		{D308D944-190B-4D23-B4A5-5BF666609571}.Release|Any CPU.ActiveCfg = Release|Any CPU
		{D308D944-190B-4D23-B4A5-5BF666609571}.Release|Any CPU.Build.0 = Release|Any CPU
		{AF05D91B-BD55-47F9-A93C-1389AC56710E}.Debug|Any CPU.ActiveCfg = Debug|Any CPU
		{AF05D91B-BD55-47F9-A93C-1389AC56710E}.Debug|Any CPU.Build.0 = Debug|Any CPU
		{AF05D91B-BD55-47F9-A93C-1389AC56710E}.Release|Any CPU.ActiveCfg = Release|Any CPU
		{AF05D91B-BD55-47F9-A93C-1389AC56710E}.Release|Any CPU.Build.0 = Release|Any CPU
		{917854A9-6F95-473C-BEB5-D8408A963D46}.Debug|Any CPU.ActiveCfg = Debug|Any CPU
		{917854A9-6F95-473C-BEB5-D8408A963D46}.Debug|Any CPU.Build.0 = Debug|Any CPU
		{917854A9-6F95-473C-BEB5-D8408A963D46}.Release|Any CPU.ActiveCfg = Release|Any CPU
		{917854A9-6F95-473C-BEB5-D8408A963D46}.Release|Any CPU.Build.0 = Release|Any CPU
		{A1DE1757-AF6F-4435-9175-284E689F0137}.Debug|Any CPU.ActiveCfg = Debug|Any CPU
		{A1DE1757-AF6F-4435-9175-284E689F0137}.Debug|Any CPU.Build.0 = Debug|Any CPU
		{A1DE1757-AF6F-4435-9175-284E689F0137}.Release|Any CPU.ActiveCfg = Release|Any CPU
		{A1DE1757-AF6F-4435-9175-284E689F0137}.Release|Any CPU.Build.0 = Release|Any CPU
		{AE2C80DF-E1E1-49A3-9032-CF6BC25EB5F7}.Debug|Any CPU.ActiveCfg = Debug|Any CPU
		{AE2C80DF-E1E1-49A3-9032-CF6BC25EB5F7}.Debug|Any CPU.Build.0 = Debug|Any CPU
		{AE2C80DF-E1E1-49A3-9032-CF6BC25EB5F7}.Release|Any CPU.ActiveCfg = Release|Any CPU
		{AE2C80DF-E1E1-49A3-9032-CF6BC25EB5F7}.Release|Any CPU.Build.0 = Release|Any CPU
		{9F49ECCD-FB52-45A1-93FC-CA5E445795F2}.Debug|Any CPU.ActiveCfg = Debug|Any CPU
		{9F49ECCD-FB52-45A1-93FC-CA5E445795F2}.Debug|Any CPU.Build.0 = Debug|Any CPU
		{9F49ECCD-FB52-45A1-93FC-CA5E445795F2}.Release|Any CPU.ActiveCfg = Release|Any CPU
		{9F49ECCD-FB52-45A1-93FC-CA5E445795F2}.Release|Any CPU.Build.0 = Release|Any CPU
		{716ED0C2-EC88-4C1C-AA4D-CF6494E7F116}.Debug|Any CPU.ActiveCfg = Debug|Any CPU
		{716ED0C2-EC88-4C1C-AA4D-CF6494E7F116}.Debug|Any CPU.Build.0 = Debug|Any CPU
		{716ED0C2-EC88-4C1C-AA4D-CF6494E7F116}.Release|Any CPU.ActiveCfg = Release|Any CPU
		{716ED0C2-EC88-4C1C-AA4D-CF6494E7F116}.Release|Any CPU.Build.0 = Release|Any CPU
		{5C472F7E-5A37-474A-B2AE-F2DC718EDFC8}.Debug|Any CPU.ActiveCfg = Debug|Any CPU
		{5C472F7E-5A37-474A-B2AE-F2DC718EDFC8}.Debug|Any CPU.Build.0 = Debug|Any CPU
		{5C472F7E-5A37-474A-B2AE-F2DC718EDFC8}.Release|Any CPU.ActiveCfg = Release|Any CPU
		{5C472F7E-5A37-474A-B2AE-F2DC718EDFC8}.Release|Any CPU.Build.0 = Release|Any CPU
		{E39F0A9E-A3FC-4CCD-AB73-B365B6D66241}.Debug|Any CPU.ActiveCfg = Debug|Any CPU
		{E39F0A9E-A3FC-4CCD-AB73-B365B6D66241}.Debug|Any CPU.Build.0 = Debug|Any CPU
		{E39F0A9E-A3FC-4CCD-AB73-B365B6D66241}.Release|Any CPU.ActiveCfg = Release|Any CPU
		{E39F0A9E-A3FC-4CCD-AB73-B365B6D66241}.Release|Any CPU.Build.0 = Release|Any CPU
		{7813C06A-31D5-40C4-BC28-0CF49A8BDB03}.Debug|Any CPU.ActiveCfg = Debug|Any CPU
		{7813C06A-31D5-40C4-BC28-0CF49A8BDB03}.Debug|Any CPU.Build.0 = Debug|Any CPU
		{7813C06A-31D5-40C4-BC28-0CF49A8BDB03}.Release|Any CPU.ActiveCfg = Release|Any CPU
		{7813C06A-31D5-40C4-BC28-0CF49A8BDB03}.Release|Any CPU.Build.0 = Release|Any CPU
		{D3BDF5D9-582B-485B-B02C-4F7E096E4EC0}.Debug|Any CPU.ActiveCfg = Debug|Any CPU
		{D3BDF5D9-582B-485B-B02C-4F7E096E4EC0}.Debug|Any CPU.Build.0 = Debug|Any CPU
		{D3BDF5D9-582B-485B-B02C-4F7E096E4EC0}.Release|Any CPU.ActiveCfg = Release|Any CPU
		{D3BDF5D9-582B-485B-B02C-4F7E096E4EC0}.Release|Any CPU.Build.0 = Release|Any CPU
		{AE6308FD-AD24-4399-9FEB-BD66A58F9B09}.Debug|Any CPU.ActiveCfg = Debug|Any CPU
		{AE6308FD-AD24-4399-9FEB-BD66A58F9B09}.Debug|Any CPU.Build.0 = Debug|Any CPU
		{AE6308FD-AD24-4399-9FEB-BD66A58F9B09}.Release|Any CPU.ActiveCfg = Release|Any CPU
		{AE6308FD-AD24-4399-9FEB-BD66A58F9B09}.Release|Any CPU.Build.0 = Release|Any CPU
		{8BA078B0-50AC-4FBC-8DEB-B9F74DA18D26}.Debug|Any CPU.ActiveCfg = Debug|Any CPU
		{8BA078B0-50AC-4FBC-8DEB-B9F74DA18D26}.Debug|Any CPU.Build.0 = Debug|Any CPU
		{8BA078B0-50AC-4FBC-8DEB-B9F74DA18D26}.Release|Any CPU.ActiveCfg = Release|Any CPU
		{8BA078B0-50AC-4FBC-8DEB-B9F74DA18D26}.Release|Any CPU.Build.0 = Release|Any CPU
		{C24493E4-6047-452E-9750-2257905A75C7}.Debug|Any CPU.ActiveCfg = Debug|Any CPU
		{C24493E4-6047-452E-9750-2257905A75C7}.Debug|Any CPU.Build.0 = Debug|Any CPU
		{C24493E4-6047-452E-9750-2257905A75C7}.Release|Any CPU.ActiveCfg = Release|Any CPU
		{C24493E4-6047-452E-9750-2257905A75C7}.Release|Any CPU.Build.0 = Release|Any CPU
		{CA780BB5-F7C3-4EC9-9432-7519619AFA67}.Debug|Any CPU.ActiveCfg = Debug|Any CPU
		{CA780BB5-F7C3-4EC9-9432-7519619AFA67}.Debug|Any CPU.Build.0 = Debug|Any CPU
		{CA780BB5-F7C3-4EC9-9432-7519619AFA67}.Release|Any CPU.ActiveCfg = Release|Any CPU
		{CA780BB5-F7C3-4EC9-9432-7519619AFA67}.Release|Any CPU.Build.0 = Release|Any CPU
		{F317FBF2-237D-43E0-AA0A-36B0DC530189}.Debug|Any CPU.ActiveCfg = Debug|Any CPU
		{F317FBF2-237D-43E0-AA0A-36B0DC530189}.Debug|Any CPU.Build.0 = Debug|Any CPU
		{F317FBF2-237D-43E0-AA0A-36B0DC530189}.Release|Any CPU.ActiveCfg = Release|Any CPU
		{F317FBF2-237D-43E0-AA0A-36B0DC530189}.Release|Any CPU.Build.0 = Release|Any CPU
		{8DBA04C8-01FD-4753-8869-6BED87DA6413}.Debug|Any CPU.ActiveCfg = Debug|Any CPU
		{8DBA04C8-01FD-4753-8869-6BED87DA6413}.Debug|Any CPU.Build.0 = Debug|Any CPU
		{8DBA04C8-01FD-4753-8869-6BED87DA6413}.Release|Any CPU.ActiveCfg = Release|Any CPU
		{8DBA04C8-01FD-4753-8869-6BED87DA6413}.Release|Any CPU.Build.0 = Release|Any CPU
		{7E97F49A-63C1-484B-AFEB-D09D0CA90F28}.Debug|Any CPU.ActiveCfg = Debug|Any CPU
		{7E97F49A-63C1-484B-AFEB-D09D0CA90F28}.Debug|Any CPU.Build.0 = Debug|Any CPU
		{7E97F49A-63C1-484B-AFEB-D09D0CA90F28}.Release|Any CPU.ActiveCfg = Release|Any CPU
		{7E97F49A-63C1-484B-AFEB-D09D0CA90F28}.Release|Any CPU.Build.0 = Release|Any CPU
		{283578B9-A3EB-4468-8546-C9BAD2866CF8}.Debug|Any CPU.ActiveCfg = Debug|Any CPU
		{283578B9-A3EB-4468-8546-C9BAD2866CF8}.Debug|Any CPU.Build.0 = Debug|Any CPU
		{283578B9-A3EB-4468-8546-C9BAD2866CF8}.Release|Any CPU.ActiveCfg = Release|Any CPU
		{283578B9-A3EB-4468-8546-C9BAD2866CF8}.Release|Any CPU.Build.0 = Release|Any CPU
		{DB8B23C2-B124-40B6-9B50-FBF46668386F}.Debug|Any CPU.ActiveCfg = Debug|Any CPU
		{DB8B23C2-B124-40B6-9B50-FBF46668386F}.Debug|Any CPU.Build.0 = Debug|Any CPU
		{DB8B23C2-B124-40B6-9B50-FBF46668386F}.Release|Any CPU.ActiveCfg = Release|Any CPU
		{DB8B23C2-B124-40B6-9B50-FBF46668386F}.Release|Any CPU.Build.0 = Release|Any CPU
		{60F047EF-36CB-40E7-AF7D-D463C9FF1FFE}.Debug|Any CPU.ActiveCfg = Debug|Any CPU
		{60F047EF-36CB-40E7-AF7D-D463C9FF1FFE}.Debug|Any CPU.Build.0 = Debug|Any CPU
		{60F047EF-36CB-40E7-AF7D-D463C9FF1FFE}.Release|Any CPU.ActiveCfg = Release|Any CPU
		{60F047EF-36CB-40E7-AF7D-D463C9FF1FFE}.Release|Any CPU.Build.0 = Release|Any CPU
		{25548274-667F-4B6E-B37F-9141409D3632}.Debug|Any CPU.ActiveCfg = Debug|Any CPU
		{25548274-667F-4B6E-B37F-9141409D3632}.Debug|Any CPU.Build.0 = Debug|Any CPU
		{25548274-667F-4B6E-B37F-9141409D3632}.Release|Any CPU.ActiveCfg = Release|Any CPU
		{25548274-667F-4B6E-B37F-9141409D3632}.Release|Any CPU.Build.0 = Release|Any CPU
		{2538B88A-7807-4866-8334-C6719640D99D}.Debug|Any CPU.ActiveCfg = Debug|Any CPU
		{2538B88A-7807-4866-8334-C6719640D99D}.Debug|Any CPU.Build.0 = Debug|Any CPU
		{2538B88A-7807-4866-8334-C6719640D99D}.Release|Any CPU.ActiveCfg = Release|Any CPU
		{2538B88A-7807-4866-8334-C6719640D99D}.Release|Any CPU.Build.0 = Release|Any CPU
		{1B8286D8-2F65-4F7F-B80C-7A4D02C199C2}.Debug|Any CPU.ActiveCfg = Debug|Any CPU
		{1B8286D8-2F65-4F7F-B80C-7A4D02C199C2}.Debug|Any CPU.Build.0 = Debug|Any CPU
		{1B8286D8-2F65-4F7F-B80C-7A4D02C199C2}.Release|Any CPU.ActiveCfg = Release|Any CPU
		{1B8286D8-2F65-4F7F-B80C-7A4D02C199C2}.Release|Any CPU.Build.0 = Release|Any CPU
		{2B89A40C-FDB9-446B-9B6C-7374DEC593F6}.Debug|Any CPU.ActiveCfg = Debug|Any CPU
		{2B89A40C-FDB9-446B-9B6C-7374DEC593F6}.Debug|Any CPU.Build.0 = Debug|Any CPU
		{2B89A40C-FDB9-446B-9B6C-7374DEC593F6}.Release|Any CPU.ActiveCfg = Release|Any CPU
		{2B89A40C-FDB9-446B-9B6C-7374DEC593F6}.Release|Any CPU.Build.0 = Release|Any CPU
		{0E41DB15-9BDA-4875-A1CF-4AD50A334A34}.Debug|Any CPU.ActiveCfg = Debug|Any CPU
		{0E41DB15-9BDA-4875-A1CF-4AD50A334A34}.Debug|Any CPU.Build.0 = Debug|Any CPU
		{0E41DB15-9BDA-4875-A1CF-4AD50A334A34}.Release|Any CPU.ActiveCfg = Release|Any CPU
		{0E41DB15-9BDA-4875-A1CF-4AD50A334A34}.Release|Any CPU.Build.0 = Release|Any CPU
		{44D5A645-B9B4-4654-950A-338CD7556A64}.Debug|Any CPU.ActiveCfg = Debug|Any CPU
		{44D5A645-B9B4-4654-950A-338CD7556A64}.Debug|Any CPU.Build.0 = Debug|Any CPU
		{44D5A645-B9B4-4654-950A-338CD7556A64}.Release|Any CPU.ActiveCfg = Release|Any CPU
		{44D5A645-B9B4-4654-950A-338CD7556A64}.Release|Any CPU.Build.0 = Release|Any CPU
		{D5C41A3E-0037-42CC-BF15-E92FA615C72F}.Debug|Any CPU.ActiveCfg = Debug|Any CPU
		{D5C41A3E-0037-42CC-BF15-E92FA615C72F}.Debug|Any CPU.Build.0 = Debug|Any CPU
		{D5C41A3E-0037-42CC-BF15-E92FA615C72F}.Release|Any CPU.ActiveCfg = Release|Any CPU
		{D5C41A3E-0037-42CC-BF15-E92FA615C72F}.Release|Any CPU.Build.0 = Release|Any CPU
		{D8506697-3829-4F0E-9A9C-2B33F9CEECD6}.Debug|Any CPU.ActiveCfg = Debug|Any CPU
		{D8506697-3829-4F0E-9A9C-2B33F9CEECD6}.Debug|Any CPU.Build.0 = Debug|Any CPU
		{D8506697-3829-4F0E-9A9C-2B33F9CEECD6}.Release|Any CPU.ActiveCfg = Release|Any CPU
		{D8506697-3829-4F0E-9A9C-2B33F9CEECD6}.Release|Any CPU.Build.0 = Release|Any CPU
		{90F0E2D4-7AD8-40AF-8495-58E91E88C49E}.Debug|Any CPU.ActiveCfg = Debug|Any CPU
		{90F0E2D4-7AD8-40AF-8495-58E91E88C49E}.Debug|Any CPU.Build.0 = Debug|Any CPU
		{90F0E2D4-7AD8-40AF-8495-58E91E88C49E}.Release|Any CPU.ActiveCfg = Release|Any CPU
		{90F0E2D4-7AD8-40AF-8495-58E91E88C49E}.Release|Any CPU.Build.0 = Release|Any CPU
		{05F7137B-7C41-44C7-A423-6764610578A1}.Debug|Any CPU.ActiveCfg = Debug|Any CPU
		{05F7137B-7C41-44C7-A423-6764610578A1}.Debug|Any CPU.Build.0 = Debug|Any CPU
		{05F7137B-7C41-44C7-A423-6764610578A1}.Release|Any CPU.ActiveCfg = Release|Any CPU
		{05F7137B-7C41-44C7-A423-6764610578A1}.Release|Any CPU.Build.0 = Release|Any CPU
		{E00EDB33-92B3-47C0-86BA-D87B47B99805}.Debug|Any CPU.ActiveCfg = Debug|Any CPU
		{E00EDB33-92B3-47C0-86BA-D87B47B99805}.Debug|Any CPU.Build.0 = Debug|Any CPU
		{E00EDB33-92B3-47C0-86BA-D87B47B99805}.Release|Any CPU.ActiveCfg = Release|Any CPU
		{E00EDB33-92B3-47C0-86BA-D87B47B99805}.Release|Any CPU.Build.0 = Release|Any CPU
		{64D0E3C4-6751-49C8-847A-CB81808B30C3}.Debug|Any CPU.ActiveCfg = Debug|Any CPU
		{64D0E3C4-6751-49C8-847A-CB81808B30C3}.Debug|Any CPU.Build.0 = Debug|Any CPU
		{64D0E3C4-6751-49C8-847A-CB81808B30C3}.Release|Any CPU.ActiveCfg = Release|Any CPU
		{64D0E3C4-6751-49C8-847A-CB81808B30C3}.Release|Any CPU.Build.0 = Release|Any CPU
		{15DF5C99-D409-4501-8BB3-9BE4276F45B5}.Debug|Any CPU.ActiveCfg = Debug|Any CPU
		{15DF5C99-D409-4501-8BB3-9BE4276F45B5}.Debug|Any CPU.Build.0 = Debug|Any CPU
		{15DF5C99-D409-4501-8BB3-9BE4276F45B5}.Release|Any CPU.ActiveCfg = Release|Any CPU
		{15DF5C99-D409-4501-8BB3-9BE4276F45B5}.Release|Any CPU.Build.0 = Release|Any CPU
		{D2D15966-81B1-4EE8-8B37-E1E32831A53D}.Debug|Any CPU.ActiveCfg = Debug|Any CPU
		{D2D15966-81B1-4EE8-8B37-E1E32831A53D}.Debug|Any CPU.Build.0 = Debug|Any CPU
		{D2D15966-81B1-4EE8-8B37-E1E32831A53D}.Release|Any CPU.ActiveCfg = Release|Any CPU
		{D2D15966-81B1-4EE8-8B37-E1E32831A53D}.Release|Any CPU.Build.0 = Release|Any CPU
		{3D2201AE-92EA-44A2-9014-4CB05B75FDBE}.Debug|Any CPU.ActiveCfg = Debug|Any CPU
		{3D2201AE-92EA-44A2-9014-4CB05B75FDBE}.Debug|Any CPU.Build.0 = Debug|Any CPU
		{3D2201AE-92EA-44A2-9014-4CB05B75FDBE}.Release|Any CPU.ActiveCfg = Release|Any CPU
		{3D2201AE-92EA-44A2-9014-4CB05B75FDBE}.Release|Any CPU.Build.0 = Release|Any CPU
		{1FFB39C4-514C-4AA7-8B3D-0272F64373F4}.Debug|Any CPU.ActiveCfg = Debug|Any CPU
		{1FFB39C4-514C-4AA7-8B3D-0272F64373F4}.Debug|Any CPU.Build.0 = Debug|Any CPU
		{1FFB39C4-514C-4AA7-8B3D-0272F64373F4}.Release|Any CPU.ActiveCfg = Release|Any CPU
		{1FFB39C4-514C-4AA7-8B3D-0272F64373F4}.Release|Any CPU.Build.0 = Release|Any CPU
		{7517AF0E-549B-4A13-9950-6E6BF8EA0A0D}.Debug|Any CPU.ActiveCfg = Debug|Any CPU
		{7517AF0E-549B-4A13-9950-6E6BF8EA0A0D}.Debug|Any CPU.Build.0 = Debug|Any CPU
		{7517AF0E-549B-4A13-9950-6E6BF8EA0A0D}.Release|Any CPU.ActiveCfg = Release|Any CPU
		{7517AF0E-549B-4A13-9950-6E6BF8EA0A0D}.Release|Any CPU.Build.0 = Release|Any CPU
		{776AE84C-B50F-430C-911A-122F560FB5D7}.Debug|Any CPU.ActiveCfg = Debug|Any CPU
		{776AE84C-B50F-430C-911A-122F560FB5D7}.Debug|Any CPU.Build.0 = Debug|Any CPU
		{776AE84C-B50F-430C-911A-122F560FB5D7}.Release|Any CPU.ActiveCfg = Release|Any CPU
		{776AE84C-B50F-430C-911A-122F560FB5D7}.Release|Any CPU.Build.0 = Release|Any CPU
		{D3BB1A46-3973-479E-BB19-DA2FF2628F86}.Debug|Any CPU.ActiveCfg = Debug|Any CPU
		{D3BB1A46-3973-479E-BB19-DA2FF2628F86}.Debug|Any CPU.Build.0 = Debug|Any CPU
		{D3BB1A46-3973-479E-BB19-DA2FF2628F86}.Release|Any CPU.ActiveCfg = Release|Any CPU
		{D3BB1A46-3973-479E-BB19-DA2FF2628F86}.Release|Any CPU.Build.0 = Release|Any CPU
		{0DB96D84-D133-47E9-ACE7-6783B617A2F6}.Debug|Any CPU.ActiveCfg = Debug|Any CPU
		{0DB96D84-D133-47E9-ACE7-6783B617A2F6}.Debug|Any CPU.Build.0 = Debug|Any CPU
		{0DB96D84-D133-47E9-ACE7-6783B617A2F6}.Release|Any CPU.ActiveCfg = Release|Any CPU
		{0DB96D84-D133-47E9-ACE7-6783B617A2F6}.Release|Any CPU.Build.0 = Release|Any CPU
		{351C41E3-13EB-4250-B32B-5B5B0C830CC4}.Debug|Any CPU.ActiveCfg = Debug|Any CPU
		{351C41E3-13EB-4250-B32B-5B5B0C830CC4}.Debug|Any CPU.Build.0 = Debug|Any CPU
		{351C41E3-13EB-4250-B32B-5B5B0C830CC4}.Release|Any CPU.ActiveCfg = Release|Any CPU
		{351C41E3-13EB-4250-B32B-5B5B0C830CC4}.Release|Any CPU.Build.0 = Release|Any CPU
		{6E7298F9-6512-405F-8C97-915429969B47}.Debug|Any CPU.ActiveCfg = Debug|Any CPU
		{6E7298F9-6512-405F-8C97-915429969B47}.Debug|Any CPU.Build.0 = Debug|Any CPU
		{6E7298F9-6512-405F-8C97-915429969B47}.Release|Any CPU.ActiveCfg = Release|Any CPU
		{6E7298F9-6512-405F-8C97-915429969B47}.Release|Any CPU.Build.0 = Release|Any CPU
		{F3D63ECB-2854-456C-A2F3-065522A86E85}.Debug|Any CPU.ActiveCfg = Debug|Any CPU
		{F3D63ECB-2854-456C-A2F3-065522A86E85}.Debug|Any CPU.Build.0 = Debug|Any CPU
		{F3D63ECB-2854-456C-A2F3-065522A86E85}.Release|Any CPU.ActiveCfg = Release|Any CPU
		{F3D63ECB-2854-456C-A2F3-065522A86E85}.Release|Any CPU.Build.0 = Release|Any CPU
		{3720F3E9-087D-4269-9991-C5566DAC6D75}.Debug|Any CPU.ActiveCfg = Debug|Any CPU
		{3720F3E9-087D-4269-9991-C5566DAC6D75}.Debug|Any CPU.Build.0 = Debug|Any CPU
		{3720F3E9-087D-4269-9991-C5566DAC6D75}.Release|Any CPU.ActiveCfg = Release|Any CPU
		{3720F3E9-087D-4269-9991-C5566DAC6D75}.Release|Any CPU.Build.0 = Release|Any CPU
		{F2EBC625-DAD5-4F4A-8A74-6C39F5840F4F}.Debug|Any CPU.ActiveCfg = Debug|Any CPU
		{F2EBC625-DAD5-4F4A-8A74-6C39F5840F4F}.Debug|Any CPU.Build.0 = Debug|Any CPU
		{F2EBC625-DAD5-4F4A-8A74-6C39F5840F4F}.Release|Any CPU.ActiveCfg = Release|Any CPU
		{F2EBC625-DAD5-4F4A-8A74-6C39F5840F4F}.Release|Any CPU.Build.0 = Release|Any CPU
		{5FC41D4A-FD35-4D09-91EF-9B788FD4A664}.Debug|Any CPU.ActiveCfg = Debug|Any CPU
		{5FC41D4A-FD35-4D09-91EF-9B788FD4A664}.Debug|Any CPU.Build.0 = Debug|Any CPU
		{5FC41D4A-FD35-4D09-91EF-9B788FD4A664}.Release|Any CPU.ActiveCfg = Release|Any CPU
		{5FC41D4A-FD35-4D09-91EF-9B788FD4A664}.Release|Any CPU.Build.0 = Release|Any CPU
		{A45F78EF-9406-4D51-8893-5E35A20577A0}.Debug|Any CPU.ActiveCfg = Debug|Any CPU
		{A45F78EF-9406-4D51-8893-5E35A20577A0}.Debug|Any CPU.Build.0 = Debug|Any CPU
		{A45F78EF-9406-4D51-8893-5E35A20577A0}.Release|Any CPU.ActiveCfg = Release|Any CPU
		{A45F78EF-9406-4D51-8893-5E35A20577A0}.Release|Any CPU.Build.0 = Release|Any CPU
		{FAF29758-7961-4F63-9DF3-6964B5262268}.Debug|Any CPU.ActiveCfg = Debug|Any CPU
		{FAF29758-7961-4F63-9DF3-6964B5262268}.Debug|Any CPU.Build.0 = Debug|Any CPU
		{FAF29758-7961-4F63-9DF3-6964B5262268}.Release|Any CPU.ActiveCfg = Release|Any CPU
		{FAF29758-7961-4F63-9DF3-6964B5262268}.Release|Any CPU.Build.0 = Release|Any CPU
		{47230335-4815-4952-B605-AF65B05AAFA5}.Debug|Any CPU.ActiveCfg = Debug|Any CPU
		{47230335-4815-4952-B605-AF65B05AAFA5}.Debug|Any CPU.Build.0 = Debug|Any CPU
		{47230335-4815-4952-B605-AF65B05AAFA5}.Release|Any CPU.ActiveCfg = Release|Any CPU
		{47230335-4815-4952-B605-AF65B05AAFA5}.Release|Any CPU.Build.0 = Release|Any CPU
	EndGlobalSection
	GlobalSection(SolutionProperties) = preSolution
		HideSolutionNode = FALSE
	EndGlobalSection
	GlobalSection(NestedProjects) = preSolution
		{924FA83F-074F-4148-89A3-732B660C1DC5} = {A2A1371F-3E4F-4691-948B-83D61E3964BC}
		{A9AED39D-E5F7-40C0-A791-357EA4BD4226} = {A2A1371F-3E4F-4691-948B-83D61E3964BC}
		{995F16F6-FB00-452C-94FE-E8A1119DF619} = {2BFE3D0D-0479-4CFB-82F7-315818DA73F8}
		{FEAEA33A-3E73-4640-97BB-AC02B8D1641E} = {407498EC-3EC4-43A0-A3F0-FCFAD73375AF}
		{6878C6EA-27F4-41E3-A430-8AF40FBB05EB} = {6D36D716-256D-46EF-BCF6-6F1E89452DA3}
		{79BA70D7-4BA7-4570-91F1-C37EA306733C} = {ED97B191-B629-4757-A810-952A7A6FF6CF}
		{78BD7FB5-5CF8-4CEA-AEB7-CBF3BE155EDD} = {89216427-7B7C-48C8-B857-6654B84C5889}
		{5BB9E421-7420-46BD-B92F-81911199D34D} = {6B0BA0E1-8B0D-4E95-B508-511CCC41925F}
		{21724ECD-B857-40C4-B293-71C25F23B2DF} = {924FA83F-074F-4148-89A3-732B660C1DC5}
		{3925944C-B9EF-4F50-9FBA-D4C5AF419E86} = {A9AED39D-E5F7-40C0-A791-357EA4BD4226}
		{35D1E689-36C7-4897-851B-04244B6C09FB} = {A9AED39D-E5F7-40C0-A791-357EA4BD4226}
		{8D028EF6-3C89-44C5-B8E6-BA810242A822} = {A2A1371F-3E4F-4691-948B-83D61E3964BC}
		{EB687F5B-444B-4EAE-A629-77BFFFEBA8CD} = {8D028EF6-3C89-44C5-B8E6-BA810242A822}
		{23CAD735-1447-47A9-BD28-592755194162} = {8D028EF6-3C89-44C5-B8E6-BA810242A822}
		{735B4295-F544-4BED-A2D4-9F55AFFCC3AA} = {A2A1371F-3E4F-4691-948B-83D61E3964BC}
		{C8F42817-A29B-4986-BCC8-C78FA98B1543} = {735B4295-F544-4BED-A2D4-9F55AFFCC3AA}
		{C7B8DC41-E15D-4C2A-AA0F-EAE819DB7141} = {735B4295-F544-4BED-A2D4-9F55AFFCC3AA}
		{A56F1BE8-D8BC-4E8F-9F2D-751AA4BE1D01} = {735B4295-F544-4BED-A2D4-9F55AFFCC3AA}
		{722974A6-F1EC-4020-B0D7-162EC2A33495} = {5AFA95FE-9035-46A2-ADEB-F152804221A4}
		{D96600EF-B563-4E27-B98E-706F7BFBCD67} = {5AFA95FE-9035-46A2-ADEB-F152804221A4}
		{F6DEE2BB-A920-4DD0-9EF5-E3CF1DFC2DCC} = {5AFA95FE-9035-46A2-ADEB-F152804221A4}
		{4FBCC98B-46B6-490A-8953-A2BB5539D85A} = {722974A6-F1EC-4020-B0D7-162EC2A33495}
		{445F1C34-DBD2-40F0-8EF3-D8CBB7ECC04A} = {D96600EF-B563-4E27-B98E-706F7BFBCD67}
		{FA1E518E-CFC7-4C69-B8AC-084A3283B175} = {D96600EF-B563-4E27-B98E-706F7BFBCD67}
		{F19B092E-6B7F-4DC4-BBEE-BD2C8E3EF7D8} = {F6DEE2BB-A920-4DD0-9EF5-E3CF1DFC2DCC}
		{6BDD54C3-F258-4947-AB05-887180D3BA3E} = {F6DEE2BB-A920-4DD0-9EF5-E3CF1DFC2DCC}
		{A8E06E64-0D49-4122-9DC1-6BC832F1C147} = {722974A6-F1EC-4020-B0D7-162EC2A33495}
		{4CDFF11C-308D-42B0-B1BE-A59630298E3D} = {D96600EF-B563-4E27-B98E-706F7BFBCD67}
		{D308D944-190B-4D23-B4A5-5BF666609571} = {F6DEE2BB-A920-4DD0-9EF5-E3CF1DFC2DCC}
		{8F0B5B5D-23B7-45EB-AA13-478A9BF1D53E} = {5AFA95FE-9035-46A2-ADEB-F152804221A4}
		{AF05D91B-BD55-47F9-A93C-1389AC56710E} = {8F0B5B5D-23B7-45EB-AA13-478A9BF1D53E}
		{AAF90C57-BD5B-47B1-AF4B-EA5504ECAE4A} = {5AFA95FE-9035-46A2-ADEB-F152804221A4}
		{917854A9-6F95-473C-BEB5-D8408A963D46} = {AAF90C57-BD5B-47B1-AF4B-EA5504ECAE4A}
		{A1DE1757-AF6F-4435-9175-284E689F0137} = {61EDE4A8-7EEE-49DE-9738-8A6DF53D1594}
		{AE2C80DF-E1E1-49A3-9032-CF6BC25EB5F7} = {61EDE4A8-7EEE-49DE-9738-8A6DF53D1594}
		{9F49ECCD-FB52-45A1-93FC-CA5E445795F2} = {A770B0AE-B9D3-4CEF-8B25-29ACAD6FB6DA}
		{716ED0C2-EC88-4C1C-AA4D-CF6494E7F116} = {A770B0AE-B9D3-4CEF-8B25-29ACAD6FB6DA}
		{5C472F7E-5A37-474A-B2AE-F2DC718EDFC8} = {343A10B9-764B-4FC1-A096-053049AAF916}
		{E39F0A9E-A3FC-4CCD-AB73-B365B6D66241} = {4A4B75AD-FED2-4DAF-872C-C8717D0260B4}
		{7813C06A-31D5-40C4-BC28-0CF49A8BDB03} = {D762B8F0-277C-4ADF-9CC0-779A4A211B1B}
		{D3BDF5D9-582B-485B-B02C-4F7E096E4EC0} = {0DF395C6-1B6B-4FE3-B73C-01A322FE29C0}
		{AE6308FD-AD24-4399-9FEB-BD66A58F9B09} = {0DF395C6-1B6B-4FE3-B73C-01A322FE29C0}
		{8BA078B0-50AC-4FBC-8DEB-B9F74DA18D26} = {0147F7CC-579E-44F0-A186-D8A48F5150AD}
		{C24493E4-6047-452E-9750-2257905A75C7} = {524CDD16-BE3E-4C9B-A85D-1BAED1F55EE2}
		{CA780BB5-F7C3-4EC9-9432-7519619AFA67} = {524CDD16-BE3E-4C9B-A85D-1BAED1F55EE2}
		{F317FBF2-237D-43E0-AA0A-36B0DC530189} = {524CDD16-BE3E-4C9B-A85D-1BAED1F55EE2}
		{8DBA04C8-01FD-4753-8869-6BED87DA6413} = {10EBA716-8850-4436-9C96-C391495FA361}
		{7E97F49A-63C1-484B-AFEB-D09D0CA90F28} = {CD443375-0F3A-45CC-92F2-2F376B1806BC}
		{283578B9-A3EB-4468-8546-C9BAD2866CF8} = {CD443375-0F3A-45CC-92F2-2F376B1806BC}
		{DB8B23C2-B124-40B6-9B50-FBF46668386F} = {721A286A-CD9D-4501-BC68-7F504B188BB5}
		{60F047EF-36CB-40E7-AF7D-D463C9FF1FFE} = {6AB2A6B0-148D-4348-BF86-8A39A2C89369}
		{25548274-667F-4B6E-B37F-9141409D3632} = {FF8BC709-ABB3-4FF9-845D-A0547BEE89C6}
		{2538B88A-7807-4866-8334-C6719640D99D} = {69892F8E-7CB6-47B4-80F8-2AC0F859B3F1}
		{1B8286D8-2F65-4F7F-B80C-7A4D02C199C2} = {69892F8E-7CB6-47B4-80F8-2AC0F859B3F1}
		{2B89A40C-FDB9-446B-9B6C-7374DEC593F6} = {9A2DD891-25E7-4152-8FB2-E8C269513379}
		{0E41DB15-9BDA-4875-A1CF-4AD50A334A34} = {9A2DD891-25E7-4152-8FB2-E8C269513379}
		{44D5A645-B9B4-4654-950A-338CD7556A64} = {C235E930-00DF-4B59-95BC-CA2745E2168E}
		{D5C41A3E-0037-42CC-BF15-E92FA615C72F} = {965676EA-B431-4462-AC9A-9E24084FECA1}
		{D8506697-3829-4F0E-9A9C-2B33F9CEECD6} = {36DAAF78-657B-4C5C-A376-8D7D4E40BE0D}
		{90F0E2D4-7AD8-40AF-8495-58E91E88C49E} = {36DAAF78-657B-4C5C-A376-8D7D4E40BE0D}
		{05F7137B-7C41-44C7-A423-6764610578A1} = {36DAAF78-657B-4C5C-A376-8D7D4E40BE0D}
		{E00EDB33-92B3-47C0-86BA-D87B47B99805} = {36DAAF78-657B-4C5C-A376-8D7D4E40BE0D}
		{64D0E3C4-6751-49C8-847A-CB81808B30C3} = {BAB2C808-F031-4C90-968E-2BE452756A61}
		{15DF5C99-D409-4501-8BB3-9BE4276F45B5} = {BAB2C808-F031-4C90-968E-2BE452756A61}
		{D2D15966-81B1-4EE8-8B37-E1E32831A53D} = {BAB2C808-F031-4C90-968E-2BE452756A61}
		{3D2201AE-92EA-44A2-9014-4CB05B75FDBE} = {BAB2C808-F031-4C90-968E-2BE452756A61}
		{1FFB39C4-514C-4AA7-8B3D-0272F64373F4} = {BAB2C808-F031-4C90-968E-2BE452756A61}
		{7517AF0E-549B-4A13-9950-6E6BF8EA0A0D} = {BAB2C808-F031-4C90-968E-2BE452756A61}
		{776AE84C-B50F-430C-911A-122F560FB5D7} = {BAB2C808-F031-4C90-968E-2BE452756A61}
		{D3BB1A46-3973-479E-BB19-DA2FF2628F86} = {38DF5E08-177E-4213-AA70-056304E7D76C}
		{0DB96D84-D133-47E9-ACE7-6783B617A2F6} = {38DF5E08-177E-4213-AA70-056304E7D76C}
		{351C41E3-13EB-4250-B32B-5B5B0C830CC4} = {38DF5E08-177E-4213-AA70-056304E7D76C}
		{6E7298F9-6512-405F-8C97-915429969B47} = {9BFEF75D-7349-4DE2-978E-175406A3CAA8}
		{F3D63ECB-2854-456C-A2F3-065522A86E85} = {E088287F-03B0-46A4-903E-1017C52F776A}
		{3720F3E9-087D-4269-9991-C5566DAC6D75} = {E088287F-03B0-46A4-903E-1017C52F776A}
		{F2EBC625-DAD5-4F4A-8A74-6C39F5840F4F} = {E088287F-03B0-46A4-903E-1017C52F776A}
		{5FC41D4A-FD35-4D09-91EF-9B788FD4A664} = {E088287F-03B0-46A4-903E-1017C52F776A}
		{A45F78EF-9406-4D51-8893-5E35A20577A0} = {E088287F-03B0-46A4-903E-1017C52F776A}
		{FAF29758-7961-4F63-9DF3-6964B5262268} = {E088287F-03B0-46A4-903E-1017C52F776A}
		{47230335-4815-4952-B605-AF65B05AAFA5} = {E088287F-03B0-46A4-903E-1017C52F776A}
	EndGlobalSection
	GlobalSection(ExtensibilityGlobals) = postSolution
		SolutionGuid = {D6CDDDE8-5DA9-459D-A99C-3841260C6085}
	EndGlobalSection
EndGlobal
